// !$*UTF8*$!
{
	archiveVersion = 1;
	classes = {
	};
	objectVersion = 56;
	objects = {

/* Begin PBXBuildFile section */
		9B3703072AE9D11D002FF596 /* ApacApp.swift in Sources */ = {isa = PBXBuildFile; fileRef = 9B3703062AE9D11D002FF596 /* ApacApp.swift */; };
		9B3703092AE9D11D002FF596 /* ContentView.swift in Sources */ = {isa = PBXBuildFile; fileRef = 9B3703082AE9D11D002FF596 /* ContentView.swift */; };
		9B37030B2AE9D11E002FF596 /* Assets.xcassets in Resources */ = {isa = PBXBuildFile; fileRef = 9B37030A2AE9D11E002FF596 /* Assets.xcassets */; };
		9B37030E2AE9D11E002FF596 /* Preview Assets.xcassets in Resources */ = {isa = PBXBuildFile; fileRef = 9B37030D2AE9D11E002FF596 /* Preview Assets.xcassets */; };
		9B3703182AE9D11E002FF596 /* ApacTests.swift in Sources */ = {isa = PBXBuildFile; fileRef = 9B3703172AE9D11E002FF596 /* ApacTests.swift */; };
		9B3703222AE9D11E002FF596 /* ApacUITests.swift in Sources */ = {isa = PBXBuildFile; fileRef = 9B3703212AE9D11E002FF596 /* ApacUITests.swift */; };
		9B3703242AE9D11E002FF596 /* ApacUITestsLaunchTests.swift in Sources */ = {isa = PBXBuildFile; fileRef = 9B3703232AE9D11E002FF596 /* ApacUITestsLaunchTests.swift */; };
		9B3703312AE9D2C4002FF596 /* princiaplSwiftUIView.swift in Sources */ = {isa = PBXBuildFile; fileRef = 9B3703302AE9D2C4002FF596 /* princiaplSwiftUIView.swift */; };
		9B3703332AE9D4DC002FF596 /* EditProfileView.swift in Sources */ = {isa = PBXBuildFile; fileRef = 9B3703322AE9D4DC002FF596 /* EditProfileView.swift */; };
		9B3703352AE9D523002FF596 /* cadastro.swift in Sources */ = {isa = PBXBuildFile; fileRef = 9B3703342AE9D523002FF596 /* cadastro.swift */; };
/* End PBXBuildFile section */

/* Begin PBXContainerItemProxy section */
		9B3703142AE9D11E002FF596 /* PBXContainerItemProxy */ = {
			isa = PBXContainerItemProxy;
			containerPortal = 9B3702FB2AE9D11D002FF596 /* Project object */;
			proxyType = 1;
			remoteGlobalIDString = 9B3703022AE9D11D002FF596;
			remoteInfo = Apac;
		};
		9B37031E2AE9D11E002FF596 /* PBXContainerItemProxy */ = {
			isa = PBXContainerItemProxy;
			containerPortal = 9B3702FB2AE9D11D002FF596 /* Project object */;
			proxyType = 1;
			remoteGlobalIDString = 9B3703022AE9D11D002FF596;
			remoteInfo = Apac;
		};
/* End PBXContainerItemProxy section */

/* Begin PBXFileReference section */
		9B3703032AE9D11D002FF596 /* Apac.app */ = {isa = PBXFileReference; explicitFileType = wrapper.application; includeInIndex = 0; path = Apac.app; sourceTree = BUILT_PRODUCTS_DIR; };
		9B3703062AE9D11D002FF596 /* ApacApp.swift */ = {isa = PBXFileReference; lastKnownFileType = sourcecode.swift; path = ApacApp.swift; sourceTree = "<group>"; };
		9B3703082AE9D11D002FF596 /* ContentView.swift */ = {isa = PBXFileReference; lastKnownFileType = sourcecode.swift; path = ContentView.swift; sourceTree = "<group>"; };
		9B37030A2AE9D11E002FF596 /* Assets.xcassets */ = {isa = PBXFileReference; lastKnownFileType = folder.assetcatalog; path = Assets.xcassets; sourceTree = "<group>"; };
		9B37030D2AE9D11E002FF596 /* Preview Assets.xcassets */ = {isa = PBXFileReference; lastKnownFileType = folder.assetcatalog; path = "Preview Assets.xcassets"; sourceTree = "<group>"; };
		9B3703132AE9D11E002FF596 /* ApacTests.xctest */ = {isa = PBXFileReference; explicitFileType = wrapper.cfbundle; includeInIndex = 0; path = ApacTests.xctest; sourceTree = BUILT_PRODUCTS_DIR; };
		9B3703172AE9D11E002FF596 /* ApacTests.swift */ = {isa = PBXFileReference; lastKnownFileType = sourcecode.swift; path = ApacTests.swift; sourceTree = "<group>"; };
		9B37031D2AE9D11E002FF596 /* ApacUITests.xctest */ = {isa = PBXFileReference; explicitFileType = wrapper.cfbundle; includeInIndex = 0; path = ApacUITests.xctest; sourceTree = BUILT_PRODUCTS_DIR; };
		9B3703212AE9D11E002FF596 /* ApacUITests.swift */ = {isa = PBXFileReference; lastKnownFileType = sourcecode.swift; path = ApacUITests.swift; sourceTree = "<group>"; };
		9B3703232AE9D11E002FF596 /* ApacUITestsLaunchTests.swift */ = {isa = PBXFileReference; lastKnownFileType = sourcecode.swift; path = ApacUITestsLaunchTests.swift; sourceTree = "<group>"; };
		9B3703302AE9D2C4002FF596 /* princiaplSwiftUIView.swift */ = {isa = PBXFileReference; lastKnownFileType = sourcecode.swift; path = princiaplSwiftUIView.swift; sourceTree = "<group>"; };
		9B3703322AE9D4DC002FF596 /* EditProfileView.swift */ = {isa = PBXFileReference; lastKnownFileType = sourcecode.swift; path = EditProfileView.swift; sourceTree = "<group>"; };
		9B3703342AE9D523002FF596 /* cadastro.swift */ = {isa = PBXFileReference; lastKnownFileType = sourcecode.swift; path = cadastro.swift; sourceTree = "<group>"; };
/* End PBXFileReference section */

/* Begin PBXFrameworksBuildPhase section */
		9B3703002AE9D11D002FF596 /* Frameworks */ = {
			isa = PBXFrameworksBuildPhase;
			buildActionMask = 2147483647;
			files = (
			);
			runOnlyForDeploymentPostprocessing = 0;
		};
		9B3703102AE9D11E002FF596 /* Frameworks */ = {
			isa = PBXFrameworksBuildPhase;
			buildActionMask = 2147483647;
			files = (
			);
			runOnlyForDeploymentPostprocessing = 0;
		};
		9B37031A2AE9D11E002FF596 /* Frameworks */ = {
			isa = PBXFrameworksBuildPhase;
			buildActionMask = 2147483647;
			files = (
			);
			runOnlyForDeploymentPostprocessing = 0;
		};
/* End PBXFrameworksBuildPhase section */

/* Begin PBXGroup section */
		9B3702FA2AE9D11D002FF596 = {
			isa = PBXGroup;
			children = (
				9B3703052AE9D11D002FF596 /* Apac */,
				9B3703162AE9D11E002FF596 /* ApacTests */,
				9B3703202AE9D11E002FF596 /* ApacUITests */,
				9B3703042AE9D11D002FF596 /* Products */,
			);
			sourceTree = "<group>";
		};
		9B3703042AE9D11D002FF596 /* Products */ = {
			isa = PBXGroup;
			children = (
				9B3703032AE9D11D002FF596 /* Apac.app */,
				9B3703132AE9D11E002FF596 /* ApacTests.xctest */,
				9B37031D2AE9D11E002FF596 /* ApacUITests.xctest */,
			);
			name = Products;
			sourceTree = "<group>";
		};
		9B3703052AE9D11D002FF596 /* Apac */ = {
			isa = PBXGroup;
			children = (
				9B3703062AE9D11D002FF596 /* ApacApp.swift */,
				9B3703082AE9D11D002FF596 /* ContentView.swift */,
				9B3703302AE9D2C4002FF596 /* princiaplSwiftUIView.swift */,
				9B3703322AE9D4DC002FF596 /* EditProfileView.swift */,
				9B3703342AE9D523002FF596 /* cadastro.swift */,
				9B37030A2AE9D11E002FF596 /* Assets.xcassets */,
				9B37030C2AE9D11E002FF596 /* Preview Content */,
			);
			path = Apac;
			sourceTree = "<group>";
		};
		9B37030C2AE9D11E002FF596 /* Preview Content */ = {
			isa = PBXGroup;
			children = (
				9B37030D2AE9D11E002FF596 /* Preview Assets.xcassets */,
			);
			path = "Preview Content";
			sourceTree = "<group>";
		};
		9B3703162AE9D11E002FF596 /* ApacTests */ = {
			isa = PBXGroup;
			children = (
				9B3703172AE9D11E002FF596 /* ApacTests.swift */,
			);
			path = ApacTests;
			sourceTree = "<group>";
		};
		9B3703202AE9D11E002FF596 /* ApacUITests */ = {
			isa = PBXGroup;
			children = (
				9B3703212AE9D11E002FF596 /* ApacUITests.swift */,
				9B3703232AE9D11E002FF596 /* ApacUITestsLaunchTests.swift */,
			);
			path = ApacUITests;
			sourceTree = "<group>";
		};
/* End PBXGroup section */

/* Begin PBXNativeTarget section */
		9B3703022AE9D11D002FF596 /* Apac */ = {
			isa = PBXNativeTarget;
			buildConfigurationList = 9B3703272AE9D11E002FF596 /* Build configuration list for PBXNativeTarget "Apac" */;
			buildPhases = (
				9B3702FF2AE9D11D002FF596 /* Sources */,
				9B3703002AE9D11D002FF596 /* Frameworks */,
				9B3703012AE9D11D002FF596 /* Resources */,
			);
			buildRules = (
			);
			dependencies = (
			);
			name = Apac;
			productName = Apac;
			productReference = 9B3703032AE9D11D002FF596 /* Apac.app */;
			productType = "com.apple.product-type.application";
		};
		9B3703122AE9D11E002FF596 /* ApacTests */ = {
			isa = PBXNativeTarget;
			buildConfigurationList = 9B37032A2AE9D11E002FF596 /* Build configuration list for PBXNativeTarget "ApacTests" */;
			buildPhases = (
				9B37030F2AE9D11E002FF596 /* Sources */,
				9B3703102AE9D11E002FF596 /* Frameworks */,
				9B3703112AE9D11E002FF596 /* Resources */,
			);
			buildRules = (
			);
			dependencies = (
				9B3703152AE9D11E002FF596 /* PBXTargetDependency */,
			);
			name = ApacTests;
			productName = ApacTests;
			productReference = 9B3703132AE9D11E002FF596 /* ApacTests.xctest */;
			productType = "com.apple.product-type.bundle.unit-test";
		};
		9B37031C2AE9D11E002FF596 /* ApacUITests */ = {
			isa = PBXNativeTarget;
			buildConfigurationList = 9B37032D2AE9D11E002FF596 /* Build configuration list for PBXNativeTarget "ApacUITests" */;
			buildPhases = (
				9B3703192AE9D11E002FF596 /* Sources */,
				9B37031A2AE9D11E002FF596 /* Frameworks */,
				9B37031B2AE9D11E002FF596 /* Resources */,
			);
			buildRules = (
			);
			dependencies = (
				9B37031F2AE9D11E002FF596 /* PBXTargetDependency */,
			);
			name = ApacUITests;
			productName = ApacUITests;
			productReference = 9B37031D2AE9D11E002FF596 /* ApacUITests.xctest */;
			productType = "com.apple.product-type.bundle.ui-testing";
		};
/* End PBXNativeTarget section */

/* Begin PBXProject section */
		9B3702FB2AE9D11D002FF596 /* Project object */ = {
			isa = PBXProject;
			attributes = {
				BuildIndependentTargetsInParallel = 1;
				LastSwiftUpdateCheck = 1430;
				LastUpgradeCheck = 1430;
				TargetAttributes = {
					9B3703022AE9D11D002FF596 = {
						CreatedOnToolsVersion = 14.3.1;
					};
					9B3703122AE9D11E002FF596 = {
						CreatedOnToolsVersion = 14.3.1;
						TestTargetID = 9B3703022AE9D11D002FF596;
					};
					9B37031C2AE9D11E002FF596 = {
						CreatedOnToolsVersion = 14.3.1;
						TestTargetID = 9B3703022AE9D11D002FF596;
					};
				};
			};
			buildConfigurationList = 9B3702FE2AE9D11D002FF596 /* Build configuration list for PBXProject "Apac" */;
			compatibilityVersion = "Xcode 14.0";
			developmentRegion = en;
			hasScannedForEncodings = 0;
			knownRegions = (
				en,
				Base,
			);
			mainGroup = 9B3702FA2AE9D11D002FF596;
			productRefGroup = 9B3703042AE9D11D002FF596 /* Products */;
			projectDirPath = "";
			projectRoot = "";
			targets = (
				9B3703022AE9D11D002FF596 /* Apac */,
				9B3703122AE9D11E002FF596 /* ApacTests */,
				9B37031C2AE9D11E002FF596 /* ApacUITests */,
			);
		};
/* End PBXProject section */

/* Begin PBXResourcesBuildPhase section */
		9B3703012AE9D11D002FF596 /* Resources */ = {
			isa = PBXResourcesBuildPhase;
			buildActionMask = 2147483647;
			files = (
				9B37030E2AE9D11E002FF596 /* Preview Assets.xcassets in Resources */,
				9B37030B2AE9D11E002FF596 /* Assets.xcassets in Resources */,
			);
			runOnlyForDeploymentPostprocessing = 0;
		};
		9B3703112AE9D11E002FF596 /* Resources */ = {
			isa = PBXResourcesBuildPhase;
			buildActionMask = 2147483647;
			files = (
			);
			runOnlyForDeploymentPostprocessing = 0;
		};
		9B37031B2AE9D11E002FF596 /* Resources */ = {
			isa = PBXResourcesBuildPhase;
			buildActionMask = 2147483647;
			files = (
			);
			runOnlyForDeploymentPostprocessing = 0;
		};
/* End PBXResourcesBuildPhase section */

/* Begin PBXSourcesBuildPhase section */
		9B3702FF2AE9D11D002FF596 /* Sources */ = {
			isa = PBXSourcesBuildPhase;
			buildActionMask = 2147483647;
			files = (
				9B3703092AE9D11D002FF596 /* ContentView.swift in Sources */,
				9B3703352AE9D523002FF596 /* cadastro.swift in Sources */,
				9B3703312AE9D2C4002FF596 /* princiaplSwiftUIView.swift in Sources */,
				9B3703332AE9D4DC002FF596 /* EditProfileView.swift in Sources */,
				9B3703072AE9D11D002FF596 /* ApacApp.swift in Sources */,
			);
			runOnlyForDeploymentPostprocessing = 0;
		};
		9B37030F2AE9D11E002FF596 /* Sources */ = {
			isa = PBXSourcesBuildPhase;
			buildActionMask = 2147483647;
			files = (
				9B3703182AE9D11E002FF596 /* ApacTests.swift in Sources */,
			);
			runOnlyForDeploymentPostprocessing = 0;
		};
		9B3703192AE9D11E002FF596 /* Sources */ = {
			isa = PBXSourcesBuildPhase;
			buildActionMask = 2147483647;
			files = (
				9B3703222AE9D11E002FF596 /* ApacUITests.swift in Sources */,
				9B3703242AE9D11E002FF596 /* ApacUITestsLaunchTests.swift in Sources */,
			);
			runOnlyForDeploymentPostprocessing = 0;
		};
/* End PBXSourcesBuildPhase section */

/* Begin PBXTargetDependency section */
		9B3703152AE9D11E002FF596 /* PBXTargetDependency */ = {
			isa = PBXTargetDependency;
			target = 9B3703022AE9D11D002FF596 /* Apac */;
			targetProxy = 9B3703142AE9D11E002FF596 /* PBXContainerItemProxy */;
		};
		9B37031F2AE9D11E002FF596 /* PBXTargetDependency */ = {
			isa = PBXTargetDependency;
			target = 9B3703022AE9D11D002FF596 /* Apac */;
			targetProxy = 9B37031E2AE9D11E002FF596 /* PBXContainerItemProxy */;
		};
/* End PBXTargetDependency section */

/* Begin XCBuildConfiguration section */
		9B3703252AE9D11E002FF596 /* Debug */ = {
			isa = XCBuildConfiguration;
			buildSettings = {
				ALWAYS_SEARCH_USER_PATHS = NO;
				CLANG_ANALYZER_NONNULL = YES;
				CLANG_ANALYZER_NUMBER_OBJECT_CONVERSION = YES_AGGRESSIVE;
				CLANG_CXX_LANGUAGE_STANDARD = "gnu++20";
				CLANG_ENABLE_MODULES = YES;
				CLANG_ENABLE_OBJC_ARC = YES;
				CLANG_ENABLE_OBJC_WEAK = YES;
				CLANG_WARN_BLOCK_CAPTURE_AUTORELEASING = YES;
				CLANG_WARN_BOOL_CONVERSION = YES;
				CLANG_WARN_COMMA = YES;
				CLANG_WARN_CONSTANT_CONVERSION = YES;
				CLANG_WARN_DEPRECATED_OBJC_IMPLEMENTATIONS = YES;
				CLANG_WARN_DIRECT_OBJC_ISA_USAGE = YES_ERROR;
				CLANG_WARN_DOCUMENTATION_COMMENTS = YES;
				CLANG_WARN_EMPTY_BODY = YES;
				CLANG_WARN_ENUM_CONVERSION = YES;
				CLANG_WARN_INFINITE_RECURSION = YES;
				CLANG_WARN_INT_CONVERSION = YES;
				CLANG_WARN_NON_LITERAL_NULL_CONVERSION = YES;
				CLANG_WARN_OBJC_IMPLICIT_RETAIN_SELF = YES;
				CLANG_WARN_OBJC_LITERAL_CONVERSION = YES;
				CLANG_WARN_OBJC_ROOT_CLASS = YES_ERROR;
				CLANG_WARN_QUOTED_INCLUDE_IN_FRAMEWORK_HEADER = YES;
				CLANG_WARN_RANGE_LOOP_ANALYSIS = YES;
				CLANG_WARN_STRICT_PROTOTYPES = YES;
				CLANG_WARN_SUSPICIOUS_MOVE = YES;
				CLANG_WARN_UNGUARDED_AVAILABILITY = YES_AGGRESSIVE;
				CLANG_WARN_UNREACHABLE_CODE = YES;
				CLANG_WARN__DUPLICATE_METHOD_MATCH = YES;
				COPY_PHASE_STRIP = NO;
				DEBUG_INFORMATION_FORMAT = dwarf;
				ENABLE_STRICT_OBJC_MSGSEND = YES;
				ENABLE_TESTABILITY = YES;
				GCC_C_LANGUAGE_STANDARD = gnu11;
				GCC_DYNAMIC_NO_PIC = NO;
				GCC_NO_COMMON_BLOCKS = YES;
				GCC_OPTIMIZATION_LEVEL = 0;
				GCC_PREPROCESSOR_DEFINITIONS = (
					"DEBUG=1",
					"$(inherited)",
				);
				GCC_WARN_64_TO_32_BIT_CONVERSION = YES;
				GCC_WARN_ABOUT_RETURN_TYPE = YES_ERROR;
				GCC_WARN_UNDECLARED_SELECTOR = YES;
				GCC_WARN_UNINITIALIZED_AUTOS = YES_AGGRESSIVE;
				GCC_WARN_UNUSED_FUNCTION = YES;
				GCC_WARN_UNUSED_VARIABLE = YES;
				IPHONEOS_DEPLOYMENT_TARGET = 16.4;
				MTL_ENABLE_DEBUG_INFO = INCLUDE_SOURCE;
				MTL_FAST_MATH = YES;
				ONLY_ACTIVE_ARCH = YES;
				SDKROOT = iphoneos;
				SWIFT_ACTIVE_COMPILATION_CONDITIONS = DEBUG;
				SWIFT_OPTIMIZATION_LEVEL = "-Onone";
			};
			name = Debug;
		};
		9B3703262AE9D11E002FF596 /* Release */ = {
			isa = XCBuildConfiguration;
			buildSettings = {
				ALWAYS_SEARCH_USER_PATHS = NO;
				CLANG_ANALYZER_NONNULL = YES;
				CLANG_ANALYZER_NUMBER_OBJECT_CONVERSION = YES_AGGRESSIVE;
				CLANG_CXX_LANGUAGE_STANDARD = "gnu++20";
				CLANG_ENABLE_MODULES = YES;
				CLANG_ENABLE_OBJC_ARC = YES;
				CLANG_ENABLE_OBJC_WEAK = YES;
				CLANG_WARN_BLOCK_CAPTURE_AUTORELEASING = YES;
				CLANG_WARN_BOOL_CONVERSION = YES;
				CLANG_WARN_COMMA = YES;
				CLANG_WARN_CONSTANT_CONVERSION = YES;
				CLANG_WARN_DEPRECATED_OBJC_IMPLEMENTATIONS = YES;
				CLANG_WARN_DIRECT_OBJC_ISA_USAGE = YES_ERROR;
				CLANG_WARN_DOCUMENTATION_COMMENTS = YES;
				CLANG_WARN_EMPTY_BODY = YES;
				CLANG_WARN_ENUM_CONVERSION = YES;
				CLANG_WARN_INFINITE_RECURSION = YES;
				CLANG_WARN_INT_CONVERSION = YES;
				CLANG_WARN_NON_LITERAL_NULL_CONVERSION = YES;
				CLANG_WARN_OBJC_IMPLICIT_RETAIN_SELF = YES;
				CLANG_WARN_OBJC_LITERAL_CONVERSION = YES;
				CLANG_WARN_OBJC_ROOT_CLASS = YES_ERROR;
				CLANG_WARN_QUOTED_INCLUDE_IN_FRAMEWORK_HEADER = YES;
				CLANG_WARN_RANGE_LOOP_ANALYSIS = YES;
				CLANG_WARN_STRICT_PROTOTYPES = YES;
				CLANG_WARN_SUSPICIOUS_MOVE = YES;
				CLANG_WARN_UNGUARDED_AVAILABILITY = YES_AGGRESSIVE;
				CLANG_WARN_UNREACHABLE_CODE = YES;
				CLANG_WARN__DUPLICATE_METHOD_MATCH = YES;
				COPY_PHASE_STRIP = NO;
				DEBUG_INFORMATION_FORMAT = "dwarf-with-dsym";
				ENABLE_NS_ASSERTIONS = NO;
				ENABLE_STRICT_OBJC_MSGSEND = YES;
				GCC_C_LANGUAGE_STANDARD = gnu11;
				GCC_NO_COMMON_BLOCKS = YES;
				GCC_WARN_64_TO_32_BIT_CONVERSION = YES;
				GCC_WARN_ABOUT_RETURN_TYPE = YES_ERROR;
				GCC_WARN_UNDECLARED_SELECTOR = YES;
				GCC_WARN_UNINITIALIZED_AUTOS = YES_AGGRESSIVE;
				GCC_WARN_UNUSED_FUNCTION = YES;
				GCC_WARN_UNUSED_VARIABLE = YES;
				IPHONEOS_DEPLOYMENT_TARGET = 16.4;
				MTL_ENABLE_DEBUG_INFO = NO;
				MTL_FAST_MATH = YES;
				SDKROOT = iphoneos;
				SWIFT_COMPILATION_MODE = wholemodule;
				SWIFT_OPTIMIZATION_LEVEL = "-O";
				VALIDATE_PRODUCT = YES;
			};
			name = Release;
		};
		9B3703282AE9D11E002FF596 /* Debug */ = {
			isa = XCBuildConfiguration;
			buildSettings = {
				ASSETCATALOG_COMPILER_APPICON_NAME = AppIcon;
				ASSETCATALOG_COMPILER_GLOBAL_ACCENT_COLOR_NAME = AccentColor;
				CODE_SIGN_STYLE = Automatic;
				CURRENT_PROJECT_VERSION = 1;
				DEVELOPMENT_ASSET_PATHS = "\"Apac/Preview Content\"";
				ENABLE_PREVIEWS = YES;
				GENERATE_INFOPLIST_FILE = YES;
				INFOPLIST_KEY_UIApplicationSceneManifest_Generation = YES;
				INFOPLIST_KEY_UIApplicationSupportsIndirectInputEvents = YES;
				INFOPLIST_KEY_UILaunchScreen_Generation = YES;
				INFOPLIST_KEY_UISupportedInterfaceOrientations_iPad = "UIInterfaceOrientationPortrait UIInterfaceOrientationPortraitUpsideDown UIInterfaceOrientationLandscapeLeft UIInterfaceOrientationLandscapeRight";
				INFOPLIST_KEY_UISupportedInterfaceOrientations_iPhone = "UIInterfaceOrientationPortrait UIInterfaceOrientationLandscapeLeft UIInterfaceOrientationLandscapeRight";
				LD_RUNPATH_SEARCH_PATHS = (
					"$(inherited)",
					"@executable_path/Frameworks",
				);
				MARKETING_VERSION = 1.0;
				PRODUCT_BUNDLE_IDENTIFIER = tecsal.Apac;
				PRODUCT_NAME = "$(TARGET_NAME)";
				SWIFT_EMIT_LOC_STRINGS = YES;
				SWIFT_VERSION = 5.0;
				TARGETED_DEVICE_FAMILY = "1,2";
			};
			name = Debug;
		};
		9B3703292AE9D11E002FF596 /* Release */ = {
			isa = XCBuildConfiguration;
			buildSettings = {
				ASSETCATALOG_COMPILER_APPICON_NAME = AppIcon;
				ASSETCATALOG_COMPILER_GLOBAL_ACCENT_COLOR_NAME = AccentColor;
				CODE_SIGN_STYLE = Automatic;
				CURRENT_PROJECT_VERSION = 1;
				DEVELOPMENT_ASSET_PATHS = "\"Apac/Preview Content\"";
				ENABLE_PREVIEWS = YES;
				GENERATE_INFOPLIST_FILE = YES;
				INFOPLIST_KEY_UIApplicationSceneManifest_Generation = YES;
				INFOPLIST_KEY_UIApplicationSupportsIndirectInputEvents = YES;
				INFOPLIST_KEY_UILaunchScreen_Generation = YES;
				INFOPLIST_KEY_UISupportedInterfaceOrientations_iPad = "UIInterfaceOrientationPortrait UIInterfaceOrientationPortraitUpsideDown UIInterfaceOrientationLandscapeLeft UIInterfaceOrientationLandscapeRight";
				INFOPLIST_KEY_UISupportedInterfaceOrientations_iPhone = "UIInterfaceOrientationPortrait UIInterfaceOrientationLandscapeLeft UIInterfaceOrientationLandscapeRight";
				LD_RUNPATH_SEARCH_PATHS = (
					"$(inherited)",
					"@executable_path/Frameworks",
				);
				MARKETING_VERSION = 1.0;
				PRODUCT_BUNDLE_IDENTIFIER = tecsal.Apac;
				PRODUCT_NAME = "$(TARGET_NAME)";
				SWIFT_EMIT_LOC_STRINGS = YES;
				SWIFT_VERSION = 5.0;
				TARGETED_DEVICE_FAMILY = "1,2";
			};
			name = Release;
		};
		9B37032B2AE9D11E002FF596 /* Debug */ = {
			isa = XCBuildConfiguration;
			buildSettings = {
				ALWAYS_EMBED_SWIFT_STANDARD_LIBRARIES = YES;
				BUNDLE_LOADER = "$(TEST_HOST)";
				CODE_SIGN_STYLE = Automatic;
				CURRENT_PROJECT_VERSION = 1;
				GENERATE_INFOPLIST_FILE = YES;
				IPHONEOS_DEPLOYMENT_TARGET = 16.4;
				MARKETING_VERSION = 1.0;
				PRODUCT_BUNDLE_IDENTIFIER = tecsal.ApacTests;
				PRODUCT_NAME = "$(TARGET_NAME)";
				SWIFT_EMIT_LOC_STRINGS = NO;
				SWIFT_VERSION = 5.0;
				TARGETED_DEVICE_FAMILY = "1,2";
				TEST_HOST = "$(BUILT_PRODUCTS_DIR)/Apac.app/$(BUNDLE_EXECUTABLE_FOLDER_PATH)/Apac";
			};
			name = Debug;
		};
		9B37032C2AE9D11E002FF596 /* Release */ = {
			isa = XCBuildConfiguration;
			buildSettings = {
				ALWAYS_EMBED_SWIFT_STANDARD_LIBRARIES = YES;
				BUNDLE_LOADER = "$(TEST_HOST)";
				CODE_SIGN_STYLE = Automatic;
				CURRENT_PROJECT_VERSION = 1;
				GENERATE_INFOPLIST_FILE = YES;
				IPHONEOS_DEPLOYMENT_TARGET = 16.4;
				MARKETING_VERSION = 1.0;
				PRODUCT_BUNDLE_IDENTIFIER = tecsal.ApacTests;
				PRODUCT_NAME = "$(TARGET_NAME)";
				SWIFT_EMIT_LOC_STRINGS = NO;
				SWIFT_VERSION = 5.0;
				TARGETED_DEVICE_FAMILY = "1,2";
				TEST_HOST = "$(BUILT_PRODUCTS_DIR)/Apac.app/$(BUNDLE_EXECUTABLE_FOLDER_PATH)/Apac";
			};
			name = Release;
		};
		9B37032E2AE9D11E002FF596 /* Debug */ = {
			isa = XCBuildConfiguration;
			buildSettings = {
				ALWAYS_EMBED_SWIFT_STANDARD_LIBRARIES = YES;
				CODE_SIGN_STYLE = Automatic;
				CURRENT_PROJECT_VERSION = 1;
				GENERATE_INFOPLIST_FILE = YES;
				MARKETING_VERSION = 1.0;
				PRODUCT_BUNDLE_IDENTIFIER = tecsal.ApacUITests;
				PRODUCT_NAME = "$(TARGET_NAME)";
				SWIFT_EMIT_LOC_STRINGS = NO;
				SWIFT_VERSION = 5.0;
				TARGETED_DEVICE_FAMILY = "1,2";
				TEST_TARGET_NAME = Apac;
			};
			name = Debug;
		};
		9B37032F2AE9D11E002FF596 /* Release */ = {
			isa = XCBuildConfiguration;
			buildSettings = {
				ALWAYS_EMBED_SWIFT_STANDARD_LIBRARIES = YES;
				CODE_SIGN_STYLE = Automatic;
				CURRENT_PROJECT_VERSION = 1;
				GENERATE_INFOPLIST_FILE = YES;
				MARKETING_VERSION = 1.0;
				PRODUCT_BUNDLE_IDENTIFIER = tecsal.ApacUITests;
				PRODUCT_NAME = "$(TARGET_NAME)";
				SWIFT_EMIT_LOC_STRINGS = NO;
				SWIFT_VERSION = 5.0;
				TARGETED_DEVICE_FAMILY = "1,2";
				TEST_TARGET_NAME = Apac;
			};
			name = Release;
		};
/* End XCBuildConfiguration section */

/* Begin XCConfigurationList section */
		9B3702FE2AE9D11D002FF596 /* Build configuration list for PBXProject "Apac" */ = {
			isa = XCConfigurationList;
			buildConfigurations = (
				9B3703252AE9D11E002FF596 /* Debug */,
				9B3703262AE9D11E002FF596 /* Release */,
			);
			defaultConfigurationIsVisible = 0;
			defaultConfigurationName = Release;
		};
		9B3703272AE9D11E002FF596 /* Build configuration list for PBXNativeTarget "Apac" */ = {
			isa = XCConfigurationList;
			buildConfigurations = (
				9B3703282AE9D11E002FF596 /* Debug */,
				9B3703292AE9D11E002FF596 /* Release */,
			);
			defaultConfigurationIsVisible = 0;
			defaultConfigurationName = Release;
		};
		9B37032A2AE9D11E002FF596 /* Build configuration list for PBXNativeTarget "ApacTests" */ = {
			isa = XCConfigurationList;
			buildConfigurations = (
				9B37032B2AE9D11E002FF596 /* Debug */,
				9B37032C2AE9D11E002FF596 /* Release */,
			);
			defaultConfigurationIsVisible = 0;
			defaultConfigurationName = Release;
		};
		9B37032D2AE9D11E002FF596 /* Build configuration list for PBXNativeTarget "ApacUITests" */ = {
			isa = XCConfigurationList;
			buildConfigurations = (
				9B37032E2AE9D11E002FF596 /* Debug */,
				9B37032F2AE9D11E002FF596 /* Release */,
			);
			defaultConfigurationIsVisible = 0;
			defaultConfigurationName = Release;
		};
/* End XCConfigurationList section */
	};
	rootObject = 9B3702FB2AE9D11D002FF596 /* Project object */;
}
