// !$*UTF8*$!
{
	archiveVersion = 1;
	classes = {
	};
	objectVersion = 56;
	objects = {

/* Begin PBXBuildFile section */
		CE070D432AF07A2B007AEF88 /* TabsEnum.swift in Sources */ = {isa = PBXBuildFile; fileRef = CE070D422AF07A2B007AEF88 /* TabsEnum.swift */; };
		CE070D462AF08E6E007AEF88 /* PrincipalView.swift in Sources */ = {isa = PBXBuildFile; fileRef = CE070D452AF08E6E007AEF88 /* PrincipalView.swift */; };
		CE070D492AF09A9B007AEF88 /* EscolherAlertarView.swift in Sources */ = {isa = PBXBuildFile; fileRef = CE070D482AF09A9B007AEF88 /* EscolherAlertarView.swift */; };
		CE070D4B2AF479FB007AEF88 /* EditarPerfilView.swift in Sources */ = {isa = PBXBuildFile; fileRef = CE070D4A2AF479FB007AEF88 /* EditarPerfilView.swift */; };
		CE070D4D2AF56672007AEF88 /* ConexoesListRow.swift in Sources */ = {isa = PBXBuildFile; fileRef = CE070D4C2AF56672007AEF88 /* ConexoesListRow.swift */; };
		CEA3E15C2AF5E56B00263EBA /* EditarPerfilListRow.swift in Sources */ = {isa = PBXBuildFile; fileRef = CEA3E15B2AF5E56B00263EBA /* EditarPerfilListRow.swift */; };
		CEA3E1602AF5F76500263EBA /* ViewExtension.swift in Sources */ = {isa = PBXBuildFile; fileRef = CEA3E15F2AF5F76500263EBA /* ViewExtension.swift */; };
		CEA3E1622AF6023900263EBA /* PerfilEnderecoListRow.swift in Sources */ = {isa = PBXBuildFile; fileRef = CEA3E1612AF6023900263EBA /* PerfilEnderecoListRow.swift */; };
		CEA3E1642AF6046A00263EBA /* PerfilMapeamentoListRow.swift in Sources */ = {isa = PBXBuildFile; fileRef = CEA3E1632AF6046A00263EBA /* PerfilMapeamentoListRow.swift */; };
		CEA6C1A72AF15FAB00BF0AA0 /* TelefoneUtil.swift in Sources */ = {isa = PBXBuildFile; fileRef = CEA6C1A62AF15FAB00BF0AA0 /* TelefoneUtil.swift */; };
		CEA6C1A92AF19A1E00BF0AA0 /* CadastroListRow.swift in Sources */ = {isa = PBXBuildFile; fileRef = CEA6C1A82AF19A1E00BF0AA0 /* CadastroListRow.swift */; };
		CEA6C1AB2AF19CD300BF0AA0 /* PrincipalTabItem.swift in Sources */ = {isa = PBXBuildFile; fileRef = CEA6C1AA2AF19CD300BF0AA0 /* PrincipalTabItem.swift */; };
		CEA6C1AD2AF1A9B300BF0AA0 /* CardTemperatura.swift in Sources */ = {isa = PBXBuildFile; fileRef = CEA6C1AC2AF1A9B300BF0AA0 /* CardTemperatura.swift */; };
		CEA6C1AF2AF1ABF200BF0AA0 /* CardIndice.swift in Sources */ = {isa = PBXBuildFile; fileRef = CEA6C1AE2AF1ABF200BF0AA0 /* CardIndice.swift */; };
		CEA6C1B12AF1C99E00BF0AA0 /* CardTemperaturaPrevisao.swift in Sources */ = {isa = PBXBuildFile; fileRef = CEA6C1B02AF1C99E00BF0AA0 /* CardTemperaturaPrevisao.swift */; };
		CEA6C1B32AF1D73000BF0AA0 /* CardDicas.swift in Sources */ = {isa = PBXBuildFile; fileRef = CEA6C1B22AF1D73000BF0AA0 /* CardDicas.swift */; };
		CEA6C1B52AF1F0AA00BF0AA0 /* Indices.swift in Sources */ = {isa = PBXBuildFile; fileRef = CEA6C1B42AF1F0AA00BF0AA0 /* Indices.swift */; };
		CEA6C1B72AF283D500BF0AA0 /* Dicas.swift in Sources */ = {isa = PBXBuildFile; fileRef = CEA6C1B62AF283D500BF0AA0 /* Dicas.swift */; };
		CEA6C1BA2AF284FC00BF0AA0 /* PrevisaoTemperatura.swift in Sources */ = {isa = PBXBuildFile; fileRef = CEA6C1B92AF284FC00BF0AA0 /* PrevisaoTemperatura.swift */; };
		CEA6C1BC2AF2BF6200BF0AA0 /* EscolherAlertaListRow.swift in Sources */ = {isa = PBXBuildFile; fileRef = CEA6C1BB2AF2BF6200BF0AA0 /* EscolherAlertaListRow.swift */; };
		CEF3ED7E2AEF107D006E1F03 /* ApacApp.swift in Sources */ = {isa = PBXBuildFile; fileRef = CEF3ED7D2AEF107D006E1F03 /* ApacApp.swift */; };
		CEF3ED802AEF107D006E1F03 /* ContentView.swift in Sources */ = {isa = PBXBuildFile; fileRef = CEF3ED7F2AEF107D006E1F03 /* ContentView.swift */; };
		CEF3ED822AEF107E006E1F03 /* Assets.xcassets in Resources */ = {isa = PBXBuildFile; fileRef = CEF3ED812AEF107E006E1F03 /* Assets.xcassets */; };
		CEF3ED852AEF107E006E1F03 /* Preview Assets.xcassets in Resources */ = {isa = PBXBuildFile; fileRef = CEF3ED842AEF107E006E1F03 /* Preview Assets.xcassets */; };
		CEF3ED912AEF12A5006E1F03 /* AuthenticationManager.swift in Sources */ = {isa = PBXBuildFile; fileRef = CEF3ED902AEF12A5006E1F03 /* AuthenticationManager.swift */; };
		CEF3ED942AEF12E0006E1F03 /* AuthenticationProtocol.swift in Sources */ = {isa = PBXBuildFile; fileRef = CEF3ED932AEF12E0006E1F03 /* AuthenticationProtocol.swift */; };
		CEF3ED962AEF16E5006E1F03 /* LoginView.swift in Sources */ = {isa = PBXBuildFile; fileRef = CEF3ED952AEF16E5006E1F03 /* LoginView.swift */; };
		CEF3ED982AEF1706006E1F03 /* LoginViewModel.swift in Sources */ = {isa = PBXBuildFile; fileRef = CEF3ED972AEF1706006E1F03 /* LoginViewModel.swift */; };
		CEF3ED9B2AEF171F006E1F03 /* Usuario.swift in Sources */ = {isa = PBXBuildFile; fileRef = CEF3ED9A2AEF171F006E1F03 /* Usuario.swift */; };
		CEF3ED9D2AEF1781006E1F03 /* CadastroView.swift in Sources */ = {isa = PBXBuildFile; fileRef = CEF3ED9C2AEF1781006E1F03 /* CadastroView.swift */; };
		CEF3ED9F2AEF1797006E1F03 /* CadastroViewModel.swift in Sources */ = {isa = PBXBuildFile; fileRef = CEF3ED9E2AEF1797006E1F03 /* CadastroViewModel.swift */; };
		CEF3EDA12AEF17B0006E1F03 /* HomeView.swift in Sources */ = {isa = PBXBuildFile; fileRef = CEF3EDA02AEF17B0006E1F03 /* HomeView.swift */; };
		CEF3EDA32AEF17D1006E1F03 /* HomeViewModel.swift in Sources */ = {isa = PBXBuildFile; fileRef = CEF3EDA22AEF17D1006E1F03 /* HomeViewModel.swift */; };
		CEF3EDA62AEF1CE7006E1F03 /* ConexoesView.swift in Sources */ = {isa = PBXBuildFile; fileRef = CEF3EDA52AEF1CE7006E1F03 /* ConexoesView.swift */; };
		CEF3EDA82AEF1D06006E1F03 /* ConexoesViewModel.swift in Sources */ = {isa = PBXBuildFile; fileRef = CEF3EDA72AEF1D06006E1F03 /* ConexoesViewModel.swift */; };
		CEF3EDAB2AEF1D2F006E1F03 /* TelefonesUteisView.swift in Sources */ = {isa = PBXBuildFile; fileRef = CEF3EDAA2AEF1D2F006E1F03 /* TelefonesUteisView.swift */; };
		CEF3EDAE2AEF1D5C006E1F03 /* PerfilView.swift in Sources */ = {isa = PBXBuildFile; fileRef = CEF3EDAD2AEF1D5C006E1F03 /* PerfilView.swift */; };
		CEF3EDB32AEF3C11006E1F03 /* TextInputField.swift in Sources */ = {isa = PBXBuildFile; fileRef = CEF3EDB22AEF3C11006E1F03 /* TextInputField.swift */; };
		CEF3EDB52AEF4380006E1F03 /* SecureInputField.swift in Sources */ = {isa = PBXBuildFile; fileRef = CEF3EDB42AEF4380006E1F03 /* SecureInputField.swift */; };
/* End PBXBuildFile section */

/* Begin PBXFileReference section */
		CE070D422AF07A2B007AEF88 /* TabsEnum.swift */ = {isa = PBXFileReference; lastKnownFileType = sourcecode.swift; path = TabsEnum.swift; sourceTree = "<group>"; };
		CE070D452AF08E6E007AEF88 /* PrincipalView.swift */ = {isa = PBXFileReference; lastKnownFileType = sourcecode.swift; path = PrincipalView.swift; sourceTree = "<group>"; };
		CE070D482AF09A9B007AEF88 /* EscolherAlertarView.swift */ = {isa = PBXFileReference; lastKnownFileType = sourcecode.swift; path = EscolherAlertarView.swift; sourceTree = "<group>"; };
		CE070D4A2AF479FB007AEF88 /* EditarPerfilView.swift */ = {isa = PBXFileReference; lastKnownFileType = sourcecode.swift; path = EditarPerfilView.swift; sourceTree = "<group>"; };
		CE070D4C2AF56672007AEF88 /* ConexoesListRow.swift */ = {isa = PBXFileReference; lastKnownFileType = sourcecode.swift; path = ConexoesListRow.swift; sourceTree = "<group>"; };
		CEA3E15B2AF5E56B00263EBA /* EditarPerfilListRow.swift */ = {isa = PBXFileReference; lastKnownFileType = sourcecode.swift; path = EditarPerfilListRow.swift; sourceTree = "<group>"; };
		CEA3E15F2AF5F76500263EBA /* ViewExtension.swift */ = {isa = PBXFileReference; lastKnownFileType = sourcecode.swift; path = ViewExtension.swift; sourceTree = "<group>"; };
		CEA3E1612AF6023900263EBA /* PerfilEnderecoListRow.swift */ = {isa = PBXFileReference; lastKnownFileType = sourcecode.swift; path = PerfilEnderecoListRow.swift; sourceTree = "<group>"; };
		CEA3E1632AF6046A00263EBA /* PerfilMapeamentoListRow.swift */ = {isa = PBXFileReference; lastKnownFileType = sourcecode.swift; path = PerfilMapeamentoListRow.swift; sourceTree = "<group>"; };
		CEA6C1A62AF15FAB00BF0AA0 /* TelefoneUtil.swift */ = {isa = PBXFileReference; lastKnownFileType = sourcecode.swift; path = TelefoneUtil.swift; sourceTree = "<group>"; };
		CEA6C1A82AF19A1E00BF0AA0 /* CadastroListRow.swift */ = {isa = PBXFileReference; lastKnownFileType = sourcecode.swift; path = CadastroListRow.swift; sourceTree = "<group>"; };
		CEA6C1AA2AF19CD300BF0AA0 /* PrincipalTabItem.swift */ = {isa = PBXFileReference; lastKnownFileType = sourcecode.swift; path = PrincipalTabItem.swift; sourceTree = "<group>"; };
		CEA6C1AC2AF1A9B300BF0AA0 /* CardTemperatura.swift */ = {isa = PBXFileReference; lastKnownFileType = sourcecode.swift; path = CardTemperatura.swift; sourceTree = "<group>"; };
		CEA6C1AE2AF1ABF200BF0AA0 /* CardIndice.swift */ = {isa = PBXFileReference; lastKnownFileType = sourcecode.swift; path = CardIndice.swift; sourceTree = "<group>"; };
		CEA6C1B02AF1C99E00BF0AA0 /* CardTemperaturaPrevisao.swift */ = {isa = PBXFileReference; lastKnownFileType = sourcecode.swift; path = CardTemperaturaPrevisao.swift; sourceTree = "<group>"; };
		CEA6C1B22AF1D73000BF0AA0 /* CardDicas.swift */ = {isa = PBXFileReference; lastKnownFileType = sourcecode.swift; path = CardDicas.swift; sourceTree = "<group>"; };
		CEA6C1B42AF1F0AA00BF0AA0 /* Indices.swift */ = {isa = PBXFileReference; lastKnownFileType = sourcecode.swift; path = Indices.swift; sourceTree = "<group>"; };
		CEA6C1B62AF283D500BF0AA0 /* Dicas.swift */ = {isa = PBXFileReference; lastKnownFileType = sourcecode.swift; path = Dicas.swift; sourceTree = "<group>"; };
		CEA6C1B92AF284FC00BF0AA0 /* PrevisaoTemperatura.swift */ = {isa = PBXFileReference; lastKnownFileType = sourcecode.swift; path = PrevisaoTemperatura.swift; sourceTree = "<group>"; };
		CEA6C1BB2AF2BF6200BF0AA0 /* EscolherAlertaListRow.swift */ = {isa = PBXFileReference; lastKnownFileType = sourcecode.swift; path = EscolherAlertaListRow.swift; sourceTree = "<group>"; };
		CEF3ED7A2AEF107D006E1F03 /* apac.app */ = {isa = PBXFileReference; explicitFileType = wrapper.application; includeInIndex = 0; path = apac.app; sourceTree = BUILT_PRODUCTS_DIR; };
		CEF3ED7D2AEF107D006E1F03 /* ApacApp.swift */ = {isa = PBXFileReference; lastKnownFileType = sourcecode.swift; path = ApacApp.swift; sourceTree = "<group>"; };
		CEF3ED7F2AEF107D006E1F03 /* ContentView.swift */ = {isa = PBXFileReference; lastKnownFileType = sourcecode.swift; path = ContentView.swift; sourceTree = "<group>"; };
		CEF3ED812AEF107E006E1F03 /* Assets.xcassets */ = {isa = PBXFileReference; lastKnownFileType = folder.assetcatalog; path = Assets.xcassets; sourceTree = "<group>"; };
		CEF3ED842AEF107E006E1F03 /* Preview Assets.xcassets */ = {isa = PBXFileReference; lastKnownFileType = folder.assetcatalog; path = "Preview Assets.xcassets"; sourceTree = "<group>"; };
		CEF3ED902AEF12A5006E1F03 /* AuthenticationManager.swift */ = {isa = PBXFileReference; lastKnownFileType = sourcecode.swift; path = AuthenticationManager.swift; sourceTree = "<group>"; };
		CEF3ED932AEF12E0006E1F03 /* AuthenticationProtocol.swift */ = {isa = PBXFileReference; lastKnownFileType = sourcecode.swift; path = AuthenticationProtocol.swift; sourceTree = "<group>"; };
		CEF3ED952AEF16E5006E1F03 /* LoginView.swift */ = {isa = PBXFileReference; lastKnownFileType = sourcecode.swift; path = LoginView.swift; sourceTree = "<group>"; };
		CEF3ED972AEF1706006E1F03 /* LoginViewModel.swift */ = {isa = PBXFileReference; lastKnownFileType = sourcecode.swift; path = LoginViewModel.swift; sourceTree = "<group>"; };
		CEF3ED9A2AEF171F006E1F03 /* Usuario.swift */ = {isa = PBXFileReference; lastKnownFileType = sourcecode.swift; path = Usuario.swift; sourceTree = "<group>"; };
		CEF3ED9C2AEF1781006E1F03 /* CadastroView.swift */ = {isa = PBXFileReference; lastKnownFileType = sourcecode.swift; path = CadastroView.swift; sourceTree = "<group>"; };
		CEF3ED9E2AEF1797006E1F03 /* CadastroViewModel.swift */ = {isa = PBXFileReference; lastKnownFileType = sourcecode.swift; path = CadastroViewModel.swift; sourceTree = "<group>"; };
		CEF3EDA02AEF17B0006E1F03 /* HomeView.swift */ = {isa = PBXFileReference; lastKnownFileType = sourcecode.swift; path = HomeView.swift; sourceTree = "<group>"; };
		CEF3EDA22AEF17D1006E1F03 /* HomeViewModel.swift */ = {isa = PBXFileReference; lastKnownFileType = sourcecode.swift; path = HomeViewModel.swift; sourceTree = "<group>"; };
		CEF3EDA52AEF1CE7006E1F03 /* ConexoesView.swift */ = {isa = PBXFileReference; lastKnownFileType = sourcecode.swift; path = ConexoesView.swift; sourceTree = "<group>"; };
		CEF3EDA72AEF1D06006E1F03 /* ConexoesViewModel.swift */ = {isa = PBXFileReference; lastKnownFileType = sourcecode.swift; path = ConexoesViewModel.swift; sourceTree = "<group>"; };
		CEF3EDAA2AEF1D2F006E1F03 /* TelefonesUteisView.swift */ = {isa = PBXFileReference; lastKnownFileType = sourcecode.swift; path = TelefonesUteisView.swift; sourceTree = "<group>"; };
		CEF3EDAD2AEF1D5C006E1F03 /* PerfilView.swift */ = {isa = PBXFileReference; lastKnownFileType = sourcecode.swift; path = PerfilView.swift; sourceTree = "<group>"; };
		CEF3EDB22AEF3C11006E1F03 /* TextInputField.swift */ = {isa = PBXFileReference; lastKnownFileType = sourcecode.swift; path = TextInputField.swift; sourceTree = "<group>"; };
		CEF3EDB42AEF4380006E1F03 /* SecureInputField.swift */ = {isa = PBXFileReference; lastKnownFileType = sourcecode.swift; path = SecureInputField.swift; sourceTree = "<group>"; };
/* End PBXFileReference section */

/* Begin PBXFrameworksBuildPhase section */
		CEF3ED772AEF107D006E1F03 /* Frameworks */ = {
			isa = PBXFrameworksBuildPhase;
			buildActionMask = 2147483647;
			files = (
			);
			runOnlyForDeploymentPostprocessing = 0;
		};
/* End PBXFrameworksBuildPhase section */

/* Begin PBXGroup section */
		CE070D412AF07A0A007AEF88 /* Utils */ = {
			isa = PBXGroup;
			children = (
				CE070D422AF07A2B007AEF88 /* TabsEnum.swift */,
				CEA3E15F2AF5F76500263EBA /* ViewExtension.swift */,
			);
			path = Utils;
			sourceTree = "<group>";
		};
		CE070D442AF08E34007AEF88 /* Principal */ = {
			isa = PBXGroup;
			children = (
				CE070D452AF08E6E007AEF88 /* PrincipalView.swift */,
				CEA6C1AA2AF19CD300BF0AA0 /* PrincipalTabItem.swift */,
			);
			path = Principal;
			sourceTree = "<group>";
		};
		CE070D472AF09A52007AEF88 /* EscolherAlertar */ = {
			isa = PBXGroup;
			children = (
				CE070D482AF09A9B007AEF88 /* EscolherAlertarView.swift */,
				CEA6C1BB2AF2BF6200BF0AA0 /* EscolherAlertaListRow.swift */,
			);
			path = EscolherAlertar;
			sourceTree = "<group>";
		};
		CEA3E1572AF5DE4500263EBA /* InformacaoEndereco */ = {
			isa = PBXGroup;
			children = (
			);
			path = InformacaoEndereco;
			sourceTree = "<group>";
		};
		CEA3E1582AF5DE7400263EBA /* InformacaoMapeamento */ = {
			isa = PBXGroup;
			children = (
			);
			path = InformacaoMapeamento;
			sourceTree = "<group>";
		};
		CEA3E1592AF5DE8300263EBA /* Inputs */ = {
			isa = PBXGroup;
			children = (
				CEF3EDB22AEF3C11006E1F03 /* TextInputField.swift */,
				CEF3EDB42AEF4380006E1F03 /* SecureInputField.swift */,
			);
			path = Inputs;
			sourceTree = "<group>";
		};
		CEA3E15A2AF5E2D700263EBA /* EditarPerfil */ = {
			isa = PBXGroup;
			children = (
				CE070D4A2AF479FB007AEF88 /* EditarPerfilView.swift */,
				CEA3E15B2AF5E56B00263EBA /* EditarPerfilListRow.swift */,
			);
			path = EditarPerfil;
			sourceTree = "<group>";
		};
		CEA6C1B82AF284C700BF0AA0 /* Cards */ = {
			isa = PBXGroup;
			children = (
				CEA6C1AC2AF1A9B300BF0AA0 /* CardTemperatura.swift */,
				CEA6C1AE2AF1ABF200BF0AA0 /* CardIndice.swift */,
				CEA6C1B02AF1C99E00BF0AA0 /* CardTemperaturaPrevisao.swift */,
				CEA6C1B22AF1D73000BF0AA0 /* CardDicas.swift */,
			);
			path = Cards;
			sourceTree = "<group>";
		};
		CEF3ED712AEF107D006E1F03 = {
			isa = PBXGroup;
			children = (
				CEF3ED7C2AEF107D006E1F03 /* apac */,
				CEF3ED7B2AEF107D006E1F03 /* Products */,
			);
			sourceTree = "<group>";
		};
		CEF3ED7B2AEF107D006E1F03 /* Products */ = {
			isa = PBXGroup;
			children = (
				CEF3ED7A2AEF107D006E1F03 /* apac.app */,
			);
			name = Products;
			sourceTree = "<group>";
		};
		CEF3ED7C2AEF107D006E1F03 /* apac */ = {
			isa = PBXGroup;
			children = (
				CE070D412AF07A0A007AEF88 /* Utils */,
				CEF3ED992AEF170A006E1F03 /* Models */,
				CEF3ED922AEF12AB006E1F03 /* Protocols */,
				CEF3ED8C2AEF10DD006E1F03 /* Managers */,
				CEF3ED8B2AEF10D2006E1F03 /* Views */,
				CEF3ED7D2AEF107D006E1F03 /* ApacApp.swift */,
				CEF3ED812AEF107E006E1F03 /* Assets.xcassets */,
				CEF3ED832AEF107E006E1F03 /* Preview Content */,
			);
			path = apac;
			sourceTree = "<group>";
		};
		CEF3ED832AEF107E006E1F03 /* Preview Content */ = {
			isa = PBXGroup;
			children = (
				CEF3ED842AEF107E006E1F03 /* Preview Assets.xcassets */,
			);
			path = "Preview Content";
			sourceTree = "<group>";
		};
		CEF3ED8B2AEF10D2006E1F03 /* Views */ = {
			isa = PBXGroup;
			children = (
				CE070D472AF09A52007AEF88 /* EscolherAlertar */,
				CE070D442AF08E34007AEF88 /* Principal */,
				CEF3EDAF2AEF3BB5006E1F03 /* Shared */,
				CEF3EDAC2AEF1D47006E1F03 /* Perfil */,
				CEA3E15A2AF5E2D700263EBA /* EditarPerfil */,
				CEF3EDA92AEF1D0F006E1F03 /* TelefonesUteis */,
				CEF3EDA42AEF1C8F006E1F03 /* Conexoes */,
				CEF3ED8F2AEF111B006E1F03 /* Cadastro */,
				CEF3ED8E2AEF1112006E1F03 /* Home */,
				CEF3ED8D2AEF1109006E1F03 /* Login */,
				CEF3ED7F2AEF107D006E1F03 /* ContentView.swift */,
			);
			path = Views;
			sourceTree = "<group>";
		};
		CEF3ED8C2AEF10DD006E1F03 /* Managers */ = {
			isa = PBXGroup;
			children = (
				CEF3ED902AEF12A5006E1F03 /* AuthenticationManager.swift */,
			);
			path = Managers;
			sourceTree = "<group>";
		};
		CEF3ED8D2AEF1109006E1F03 /* Login */ = {
			isa = PBXGroup;
			children = (
				CEF3ED952AEF16E5006E1F03 /* LoginView.swift */,
				CEF3ED972AEF1706006E1F03 /* LoginViewModel.swift */,
			);
			path = Login;
			sourceTree = "<group>";
		};
		CEF3ED8E2AEF1112006E1F03 /* Home */ = {
			isa = PBXGroup;
			children = (
				CEA6C1B82AF284C700BF0AA0 /* Cards */,
				CEF3EDA02AEF17B0006E1F03 /* HomeView.swift */,
				CEF3EDA22AEF17D1006E1F03 /* HomeViewModel.swift */,
				CEA6C1B42AF1F0AA00BF0AA0 /* Indices.swift */,
				CEA6C1B62AF283D500BF0AA0 /* Dicas.swift */,
				CEA6C1B92AF284FC00BF0AA0 /* PrevisaoTemperatura.swift */,
			);
			path = Home;
			sourceTree = "<group>";
		};
		CEF3ED8F2AEF111B006E1F03 /* Cadastro */ = {
			isa = PBXGroup;
			children = (
				CEF3ED9C2AEF1781006E1F03 /* CadastroView.swift */,
				CEF3ED9E2AEF1797006E1F03 /* CadastroViewModel.swift */,
				CEA6C1A82AF19A1E00BF0AA0 /* CadastroListRow.swift */,
			);
			path = Cadastro;
			sourceTree = "<group>";
		};
		CEF3ED922AEF12AB006E1F03 /* Protocols */ = {
			isa = PBXGroup;
			children = (
				CEF3ED932AEF12E0006E1F03 /* AuthenticationProtocol.swift */,
			);
			path = Protocols;
			sourceTree = "<group>";
		};
		CEF3ED992AEF170A006E1F03 /* Models */ = {
			isa = PBXGroup;
			children = (
				CEF3ED9A2AEF171F006E1F03 /* Usuario.swift */,
				CEA6C1A62AF15FAB00BF0AA0 /* TelefoneUtil.swift */,
			);
			path = Models;
			sourceTree = "<group>";
		};
		CEF3EDA42AEF1C8F006E1F03 /* Conexoes */ = {
			isa = PBXGroup;
			children = (
				CEF3EDA52AEF1CE7006E1F03 /* ConexoesView.swift */,
				CEF3EDA72AEF1D06006E1F03 /* ConexoesViewModel.swift */,
				CE070D4C2AF56672007AEF88 /* ConexoesListRow.swift */,
			);
			path = Conexoes;
			sourceTree = "<group>";
		};
		CEF3EDA92AEF1D0F006E1F03 /* TelefonesUteis */ = {
			isa = PBXGroup;
			children = (
				CEF3EDAA2AEF1D2F006E1F03 /* TelefonesUteisView.swift */,
			);
			path = TelefonesUteis;
			sourceTree = "<group>";
		};
		CEF3EDAC2AEF1D47006E1F03 /* Perfil */ = {
			isa = PBXGroup;
			children = (
				CEF3EDAD2AEF1D5C006E1F03 /* PerfilView.swift */,
				CEA3E1612AF6023900263EBA /* PerfilEnderecoListRow.swift */,
				CEA3E1632AF6046A00263EBA /* PerfilMapeamentoListRow.swift */,
			);
			path = Perfil;
			sourceTree = "<group>";
		};
		CEF3EDAF2AEF3BB5006E1F03 /* Shared */ = {
			isa = PBXGroup;
			children = (
				CEA3E1592AF5DE8300263EBA /* Inputs */,
				CEA3E1582AF5DE7400263EBA /* InformacaoMapeamento */,
				CEA3E1572AF5DE4500263EBA /* InformacaoEndereco */,
			);
			path = Shared;
			sourceTree = "<group>";
		};
/* End PBXGroup section */

/* Begin PBXNativeTarget section */
		CEF3ED792AEF107D006E1F03 /* apac */ = {
			isa = PBXNativeTarget;
			buildConfigurationList = CEF3ED882AEF107E006E1F03 /* Build configuration list for PBXNativeTarget "apac" */;
			buildPhases = (
				CEF3ED762AEF107D006E1F03 /* Sources */,
				CEF3ED772AEF107D006E1F03 /* Frameworks */,
				CEF3ED782AEF107D006E1F03 /* Resources */,
			);
			buildRules = (
			);
			dependencies = (
			);
			name = apac;
			productName = apac;
			productReference = CEF3ED7A2AEF107D006E1F03 /* apac.app */;
			productType = "com.apple.product-type.application";
		};
/* End PBXNativeTarget section */

/* Begin PBXProject section */
		CEF3ED722AEF107D006E1F03 /* Project object */ = {
			isa = PBXProject;
			attributes = {
				BuildIndependentTargetsInParallel = 1;
				LastSwiftUpdateCheck = 1420;
				LastUpgradeCheck = 1420;
				TargetAttributes = {
					CEF3ED792AEF107D006E1F03 = {
						CreatedOnToolsVersion = 14.2;
					};
				};
			};
			buildConfigurationList = CEF3ED752AEF107D006E1F03 /* Build configuration list for PBXProject "apac" */;
			compatibilityVersion = "Xcode 14.0";
			developmentRegion = en;
			hasScannedForEncodings = 0;
			knownRegions = (
				en,
				Base,
			);
			mainGroup = CEF3ED712AEF107D006E1F03;
			productRefGroup = CEF3ED7B2AEF107D006E1F03 /* Products */;
			projectDirPath = "";
			projectRoot = "";
			targets = (
				CEF3ED792AEF107D006E1F03 /* apac */,
			);
		};
/* End PBXProject section */

/* Begin PBXResourcesBuildPhase section */
		CEF3ED782AEF107D006E1F03 /* Resources */ = {
			isa = PBXResourcesBuildPhase;
			buildActionMask = 2147483647;
			files = (
				CEF3ED852AEF107E006E1F03 /* Preview Assets.xcassets in Resources */,
				CEF3ED822AEF107E006E1F03 /* Assets.xcassets in Resources */,
			);
			runOnlyForDeploymentPostprocessing = 0;
		};
/* End PBXResourcesBuildPhase section */

/* Begin PBXSourcesBuildPhase section */
		CEF3ED762AEF107D006E1F03 /* Sources */ = {
			isa = PBXSourcesBuildPhase;
			buildActionMask = 2147483647;
			files = (
				CEF3ED912AEF12A5006E1F03 /* AuthenticationManager.swift in Sources */,
				CEA6C1BA2AF284FC00BF0AA0 /* PrevisaoTemperatura.swift in Sources */,
				CEA6C1A92AF19A1E00BF0AA0 /* CadastroListRow.swift in Sources */,
				CEF3EDA32AEF17D1006E1F03 /* HomeViewModel.swift in Sources */,
				CEF3ED9D2AEF1781006E1F03 /* CadastroView.swift in Sources */,
				CEF3EDA82AEF1D06006E1F03 /* ConexoesViewModel.swift in Sources */,
				CEA6C1A72AF15FAB00BF0AA0 /* TelefoneUtil.swift in Sources */,
				CE070D462AF08E6E007AEF88 /* PrincipalView.swift in Sources */,
				CE070D432AF07A2B007AEF88 /* TabsEnum.swift in Sources */,
				CEA3E1642AF6046A00263EBA /* PerfilMapeamentoListRow.swift in Sources */,
				CEA3E1622AF6023900263EBA /* PerfilEnderecoListRow.swift in Sources */,
				CEF3ED942AEF12E0006E1F03 /* AuthenticationProtocol.swift in Sources */,
				CEF3EDA62AEF1CE7006E1F03 /* ConexoesView.swift in Sources */,
				CEA6C1B72AF283D500BF0AA0 /* Dicas.swift in Sources */,
				CEA6C1AF2AF1ABF200BF0AA0 /* CardIndice.swift in Sources */,
				CEA6C1B52AF1F0AA00BF0AA0 /* Indices.swift in Sources */,
				CEA6C1B12AF1C99E00BF0AA0 /* CardTemperaturaPrevisao.swift in Sources */,
				CEF3EDA12AEF17B0006E1F03 /* HomeView.swift in Sources */,
				CEA6C1BC2AF2BF6200BF0AA0 /* EscolherAlertaListRow.swift in Sources */,
				CE070D4D2AF56672007AEF88 /* ConexoesListRow.swift in Sources */,
				CEA3E1602AF5F76500263EBA /* ViewExtension.swift in Sources */,
				CEF3EDAE2AEF1D5C006E1F03 /* PerfilView.swift in Sources */,
				CEF3EDB32AEF3C11006E1F03 /* TextInputField.swift in Sources */,
				CEF3EDB52AEF4380006E1F03 /* SecureInputField.swift in Sources */,
				CEF3ED982AEF1706006E1F03 /* LoginViewModel.swift in Sources */,
				CEA6C1AB2AF19CD300BF0AA0 /* PrincipalTabItem.swift in Sources */,
				CEF3ED802AEF107D006E1F03 /* ContentView.swift in Sources */,
				CEF3EDAB2AEF1D2F006E1F03 /* TelefonesUteisView.swift in Sources */,
				CE070D4B2AF479FB007AEF88 /* EditarPerfilView.swift in Sources */,
				CE070D492AF09A9B007AEF88 /* EscolherAlertarView.swift in Sources */,
				CEF3ED962AEF16E5006E1F03 /* LoginView.swift in Sources */,
				CEA6C1B32AF1D73000BF0AA0 /* CardDicas.swift in Sources */,
				CEA6C1AD2AF1A9B300BF0AA0 /* CardTemperatura.swift in Sources */,
				CEF3ED7E2AEF107D006E1F03 /* ApacApp.swift in Sources */,
				CEA3E15C2AF5E56B00263EBA /* EditarPerfilListRow.swift in Sources */,
				CEF3ED9F2AEF1797006E1F03 /* CadastroViewModel.swift in Sources */,
				CEF3ED9B2AEF171F006E1F03 /* Usuario.swift in Sources */,
			);
			runOnlyForDeploymentPostprocessing = 0;
		};
/* End PBXSourcesBuildPhase section */

/* Begin XCBuildConfiguration section */
		CEF3ED862AEF107E006E1F03 /* Debug */ = {
			isa = XCBuildConfiguration;
			buildSettings = {
				ALWAYS_SEARCH_USER_PATHS = NO;
				CLANG_ANALYZER_NONNULL = YES;
				CLANG_ANALYZER_NUMBER_OBJECT_CONVERSION = YES_AGGRESSIVE;
				CLANG_CXX_LANGUAGE_STANDARD = "gnu++20";
				CLANG_ENABLE_MODULES = YES;
				CLANG_ENABLE_OBJC_ARC = YES;
				CLANG_ENABLE_OBJC_WEAK = YES;
				CLANG_WARN_BLOCK_CAPTURE_AUTORELEASING = YES;
				CLANG_WARN_BOOL_CONVERSION = YES;
				CLANG_WARN_COMMA = YES;
				CLANG_WARN_CONSTANT_CONVERSION = YES;
				CLANG_WARN_DEPRECATED_OBJC_IMPLEMENTATIONS = YES;
				CLANG_WARN_DIRECT_OBJC_ISA_USAGE = YES_ERROR;
				CLANG_WARN_DOCUMENTATION_COMMENTS = YES;
				CLANG_WARN_EMPTY_BODY = YES;
				CLANG_WARN_ENUM_CONVERSION = YES;
				CLANG_WARN_INFINITE_RECURSION = YES;
				CLANG_WARN_INT_CONVERSION = YES;
				CLANG_WARN_NON_LITERAL_NULL_CONVERSION = YES;
				CLANG_WARN_OBJC_IMPLICIT_RETAIN_SELF = YES;
				CLANG_WARN_OBJC_LITERAL_CONVERSION = YES;
				CLANG_WARN_OBJC_ROOT_CLASS = YES_ERROR;
				CLANG_WARN_QUOTED_INCLUDE_IN_FRAMEWORK_HEADER = YES;
				CLANG_WARN_RANGE_LOOP_ANALYSIS = YES;
				CLANG_WARN_STRICT_PROTOTYPES = YES;
				CLANG_WARN_SUSPICIOUS_MOVE = YES;
				CLANG_WARN_UNGUARDED_AVAILABILITY = YES_AGGRESSIVE;
				CLANG_WARN_UNREACHABLE_CODE = YES;
				CLANG_WARN__DUPLICATE_METHOD_MATCH = YES;
				COPY_PHASE_STRIP = NO;
				DEBUG_INFORMATION_FORMAT = dwarf;
				ENABLE_STRICT_OBJC_MSGSEND = YES;
				ENABLE_TESTABILITY = YES;
				GCC_C_LANGUAGE_STANDARD = gnu11;
				GCC_DYNAMIC_NO_PIC = NO;
				GCC_NO_COMMON_BLOCKS = YES;
				GCC_OPTIMIZATION_LEVEL = 0;
				GCC_PREPROCESSOR_DEFINITIONS = (
					"DEBUG=1",
					"$(inherited)",
				);
				GCC_WARN_64_TO_32_BIT_CONVERSION = YES;
				GCC_WARN_ABOUT_RETURN_TYPE = YES_ERROR;
				GCC_WARN_UNDECLARED_SELECTOR = YES;
				GCC_WARN_UNINITIALIZED_AUTOS = YES_AGGRESSIVE;
				GCC_WARN_UNUSED_FUNCTION = YES;
				GCC_WARN_UNUSED_VARIABLE = YES;
				IPHONEOS_DEPLOYMENT_TARGET = 16.2;
				MTL_ENABLE_DEBUG_INFO = INCLUDE_SOURCE;
				MTL_FAST_MATH = YES;
				ONLY_ACTIVE_ARCH = YES;
				SDKROOT = iphoneos;
				SWIFT_ACTIVE_COMPILATION_CONDITIONS = DEBUG;
				SWIFT_OPTIMIZATION_LEVEL = "-Onone";
			};
			name = Debug;
		};
		CEF3ED872AEF107E006E1F03 /* Release */ = {
			isa = XCBuildConfiguration;
			buildSettings = {
				ALWAYS_SEARCH_USER_PATHS = NO;
				CLANG_ANALYZER_NONNULL = YES;
				CLANG_ANALYZER_NUMBER_OBJECT_CONVERSION = YES_AGGRESSIVE;
				CLANG_CXX_LANGUAGE_STANDARD = "gnu++20";
				CLANG_ENABLE_MODULES = YES;
				CLANG_ENABLE_OBJC_ARC = YES;
				CLANG_ENABLE_OBJC_WEAK = YES;
				CLANG_WARN_BLOCK_CAPTURE_AUTORELEASING = YES;
				CLANG_WARN_BOOL_CONVERSION = YES;
				CLANG_WARN_COMMA = YES;
				CLANG_WARN_CONSTANT_CONVERSION = YES;
				CLANG_WARN_DEPRECATED_OBJC_IMPLEMENTATIONS = YES;
				CLANG_WARN_DIRECT_OBJC_ISA_USAGE = YES_ERROR;
				CLANG_WARN_DOCUMENTATION_COMMENTS = YES;
				CLANG_WARN_EMPTY_BODY = YES;
				CLANG_WARN_ENUM_CONVERSION = YES;
				CLANG_WARN_INFINITE_RECURSION = YES;
				CLANG_WARN_INT_CONVERSION = YES;
				CLANG_WARN_NON_LITERAL_NULL_CONVERSION = YES;
				CLANG_WARN_OBJC_IMPLICIT_RETAIN_SELF = YES;
				CLANG_WARN_OBJC_LITERAL_CONVERSION = YES;
				CLANG_WARN_OBJC_ROOT_CLASS = YES_ERROR;
				CLANG_WARN_QUOTED_INCLUDE_IN_FRAMEWORK_HEADER = YES;
				CLANG_WARN_RANGE_LOOP_ANALYSIS = YES;
				CLANG_WARN_STRICT_PROTOTYPES = YES;
				CLANG_WARN_SUSPICIOUS_MOVE = YES;
				CLANG_WARN_UNGUARDED_AVAILABILITY = YES_AGGRESSIVE;
				CLANG_WARN_UNREACHABLE_CODE = YES;
				CLANG_WARN__DUPLICATE_METHOD_MATCH = YES;
				COPY_PHASE_STRIP = NO;
				DEBUG_INFORMATION_FORMAT = "dwarf-with-dsym";
				ENABLE_NS_ASSERTIONS = NO;
				ENABLE_STRICT_OBJC_MSGSEND = YES;
				GCC_C_LANGUAGE_STANDARD = gnu11;
				GCC_NO_COMMON_BLOCKS = YES;
				GCC_WARN_64_TO_32_BIT_CONVERSION = YES;
				GCC_WARN_ABOUT_RETURN_TYPE = YES_ERROR;
				GCC_WARN_UNDECLARED_SELECTOR = YES;
				GCC_WARN_UNINITIALIZED_AUTOS = YES_AGGRESSIVE;
				GCC_WARN_UNUSED_FUNCTION = YES;
				GCC_WARN_UNUSED_VARIABLE = YES;
				IPHONEOS_DEPLOYMENT_TARGET = 16.2;
				MTL_ENABLE_DEBUG_INFO = NO;
				MTL_FAST_MATH = YES;
				SDKROOT = iphoneos;
				SWIFT_COMPILATION_MODE = wholemodule;
				SWIFT_OPTIMIZATION_LEVEL = "-O";
				VALIDATE_PRODUCT = YES;
			};
			name = Release;
		};
		CEF3ED892AEF107E006E1F03 /* Debug */ = {
			isa = XCBuildConfiguration;
			buildSettings = {
				ASSETCATALOG_COMPILER_APPICON_NAME = AppIcon;
				ASSETCATALOG_COMPILER_GLOBAL_ACCENT_COLOR_NAME = AccentColor;
				CODE_SIGN_STYLE = Automatic;
				CURRENT_PROJECT_VERSION = 1;
				DEVELOPMENT_ASSET_PATHS = "\"apac/Preview Content\"";
				ENABLE_PREVIEWS = YES;
				GENERATE_INFOPLIST_FILE = YES;
				INFOPLIST_KEY_UIApplicationSceneManifest_Generation = YES;
				INFOPLIST_KEY_UIApplicationSupportsIndirectInputEvents = YES;
				INFOPLIST_KEY_UILaunchScreen_Generation = YES;
				INFOPLIST_KEY_UISupportedInterfaceOrientations_iPad = "UIInterfaceOrientationPortrait UIInterfaceOrientationPortraitUpsideDown UIInterfaceOrientationLandscapeLeft UIInterfaceOrientationLandscapeRight";
				INFOPLIST_KEY_UISupportedInterfaceOrientations_iPhone = "UIInterfaceOrientationPortrait UIInterfaceOrientationLandscapeLeft UIInterfaceOrientationLandscapeRight";
				LD_RUNPATH_SEARCH_PATHS = (
					"$(inherited)",
					"@executable_path/Frameworks",
				);
				MARKETING_VERSION = 1.0;
				PRODUCT_BUNDLE_IDENTIFIER = br.com.equipeswiftbaiano.apac;
				PRODUCT_NAME = "$(TARGET_NAME)";
				SWIFT_EMIT_LOC_STRINGS = YES;
				SWIFT_VERSION = 5.0;
				TARGETED_DEVICE_FAMILY = "1,2";
			};
			name = Debug;
		};
		CEF3ED8A2AEF107E006E1F03 /* Release */ = {
			isa = XCBuildConfiguration;
			buildSettings = {
				ASSETCATALOG_COMPILER_APPICON_NAME = AppIcon;
				ASSETCATALOG_COMPILER_GLOBAL_ACCENT_COLOR_NAME = AccentColor;
				CODE_SIGN_STYLE = Automatic;
				CURRENT_PROJECT_VERSION = 1;
				DEVELOPMENT_ASSET_PATHS = "\"apac/Preview Content\"";
				ENABLE_PREVIEWS = YES;
				GENERATE_INFOPLIST_FILE = YES;
				INFOPLIST_KEY_UIApplicationSceneManifest_Generation = YES;
				INFOPLIST_KEY_UIApplicationSupportsIndirectInputEvents = YES;
				INFOPLIST_KEY_UILaunchScreen_Generation = YES;
				INFOPLIST_KEY_UISupportedInterfaceOrientations_iPad = "UIInterfaceOrientationPortrait UIInterfaceOrientationPortraitUpsideDown UIInterfaceOrientationLandscapeLeft UIInterfaceOrientationLandscapeRight";
				INFOPLIST_KEY_UISupportedInterfaceOrientations_iPhone = "UIInterfaceOrientationPortrait UIInterfaceOrientationLandscapeLeft UIInterfaceOrientationLandscapeRight";
				LD_RUNPATH_SEARCH_PATHS = (
					"$(inherited)",
					"@executable_path/Frameworks",
				);
				MARKETING_VERSION = 1.0;
				PRODUCT_BUNDLE_IDENTIFIER = br.com.equipeswiftbaiano.apac;
				PRODUCT_NAME = "$(TARGET_NAME)";
				SWIFT_EMIT_LOC_STRINGS = YES;
				SWIFT_VERSION = 5.0;
				TARGETED_DEVICE_FAMILY = "1,2";
			};
			name = Release;
		};
/* End XCBuildConfiguration section */

/* Begin XCConfigurationList section */
		CEF3ED752AEF107D006E1F03 /* Build configuration list for PBXProject "apac" */ = {
			isa = XCConfigurationList;
			buildConfigurations = (
				CEF3ED862AEF107E006E1F03 /* Debug */,
				CEF3ED872AEF107E006E1F03 /* Release */,
			);
			defaultConfigurationIsVisible = 0;
			defaultConfigurationName = Release;
		};
		CEF3ED882AEF107E006E1F03 /* Build configuration list for PBXNativeTarget "apac" */ = {
			isa = XCConfigurationList;
			buildConfigurations = (
				CEF3ED892AEF107E006E1F03 /* Debug */,
				CEF3ED8A2AEF107E006E1F03 /* Release */,
			);
			defaultConfigurationIsVisible = 0;
			defaultConfigurationName = Release;
		};
/* End XCConfigurationList section */
	};
	rootObject = CEF3ED722AEF107D006E1F03 /* Project object */;
}
