// !$*UTF8*$!
{
	archiveVersion = 1;
	classes = {
	};
	objectVersion = 56;
	objects = {

/* Begin PBXBuildFile section */
		CEDA8FC92AE1E22B005EA694 /* ApacApp.swift in Sources */ = {isa = PBXBuildFile; fileRef = CEDA8FC82AE1E22B005EA694 /* ApacApp.swift */; };
		CEDA8FCB2AE1E22B005EA694 /* ContentView.swift in Sources */ = {isa = PBXBuildFile; fileRef = CEDA8FCA2AE1E22B005EA694 /* ContentView.swift */; };
		CEDA8FCD2AE1E22C005EA694 /* Assets.xcassets in Resources */ = {isa = PBXBuildFile; fileRef = CEDA8FCC2AE1E22C005EA694 /* Assets.xcassets */; };
		CEDA8FD02AE1E22C005EA694 /* Preview Assets.xcassets in Resources */ = {isa = PBXBuildFile; fileRef = CEDA8FCF2AE1E22C005EA694 /* Preview Assets.xcassets */; };
		CEDA8FD72AE34B1A005EA694 /* princiaplSwiftUIView.swift in Sources */ = {isa = PBXBuildFile; fileRef = CEDA8FD62AE34B1A005EA694 /* princiaplSwiftUIView.swift */; };
		CEDA8FD92AE36BB3005EA694 /* cadastro.swift in Sources */ = {isa = PBXBuildFile; fileRef = CEDA8FD82AE36BB3005EA694 /* cadastro.swift */; };
		CEDA8FDB2AE72CC3005EA694 /* EditProfileView.swift in Sources */ = {isa = PBXBuildFile; fileRef = CEDA8FDA2AE72CC3005EA694 /* EditProfileView.swift */; };
		CEDA8FDD2AE72E3B005EA694 /* home.swift in Sources */ = {isa = PBXBuildFile; fileRef = CEDA8FDC2AE72E3B005EA694 /* home.swift */; };
		CEDA8FDF2AE7417E005EA694 /* FriendsSearchView.swift in Sources */ = {isa = PBXBuildFile; fileRef = CEDA8FDE2AE7417E005EA694 /* FriendsSearchView.swift */; };
		CEDA8FE12AE74256005EA694 /* SearchPeopleView.swift in Sources */ = {isa = PBXBuildFile; fileRef = CEDA8FE02AE74256005EA694 /* SearchPeopleView.swift */; };
		CEDA8FE32AEB2F4A005EA694 /* Teladeperfil.swift in Sources */ = {isa = PBXBuildFile; fileRef = CEDA8FE22AEB2F4A005EA694 /* Teladeperfil.swift */; };
		CEDA8FE72AEC7216005EA694 /* Imagem1.png in Resources */ = {isa = PBXBuildFile; fileRef = CEDA8FE62AEC7216005EA694 /* Imagem1.png */; };
		CEDA8FE92AEC7252005EA694 /* GoogleService-Info.plist in Resources */ = {isa = PBXBuildFile; fileRef = CEDA8FE82AEC7252005EA694 /* GoogleService-Info.plist */; };
/* End PBXBuildFile section */

/* Begin PBXFileReference section */
		CEDA8FC52AE1E22B005EA694 /* APAC.app */ = {isa = PBXFileReference; explicitFileType = wrapper.application; includeInIndex = 0; path = APAC.app; sourceTree = BUILT_PRODUCTS_DIR; };
		CEDA8FC82AE1E22B005EA694 /* ApacApp.swift */ = {isa = PBXFileReference; lastKnownFileType = sourcecode.swift; path = ApacApp.swift; sourceTree = "<group>"; };
		CEDA8FCA2AE1E22B005EA694 /* ContentView.swift */ = {isa = PBXFileReference; lastKnownFileType = sourcecode.swift; path = ContentView.swift; sourceTree = "<group>"; };
		CEDA8FCC2AE1E22C005EA694 /* Assets.xcassets */ = {isa = PBXFileReference; lastKnownFileType = folder.assetcatalog; path = Assets.xcassets; sourceTree = "<group>"; };
		CEDA8FCF2AE1E22C005EA694 /* Preview Assets.xcassets */ = {isa = PBXFileReference; lastKnownFileType = folder.assetcatalog; path = "Preview Assets.xcassets"; sourceTree = "<group>"; };
		CEDA8FD62AE34B1A005EA694 /* princiaplSwiftUIView.swift */ = {isa = PBXFileReference; lastKnownFileType = sourcecode.swift; path = princiaplSwiftUIView.swift; sourceTree = "<group>"; };
		CEDA8FD82AE36BB3005EA694 /* cadastro.swift */ = {isa = PBXFileReference; lastKnownFileType = sourcecode.swift; path = cadastro.swift; sourceTree = "<group>"; };
		CEDA8FDA2AE72CC3005EA694 /* EditProfileView.swift */ = {isa = PBXFileReference; lastKnownFileType = sourcecode.swift; path = EditProfileView.swift; sourceTree = "<group>"; };
		CEDA8FDC2AE72E3B005EA694 /* home.swift */ = {isa = PBXFileReference; lastKnownFileType = sourcecode.swift; path = home.swift; sourceTree = "<group>"; };
		CEDA8FDE2AE7417E005EA694 /* FriendsSearchView.swift */ = {isa = PBXFileReference; lastKnownFileType = sourcecode.swift; path = FriendsSearchView.swift; sourceTree = "<group>"; };
		CEDA8FE02AE74256005EA694 /* SearchPeopleView.swift */ = {isa = PBXFileReference; lastKnownFileType = sourcecode.swift; path = SearchPeopleView.swift; sourceTree = "<group>"; };
		CEDA8FE22AEB2F4A005EA694 /* Teladeperfil.swift */ = {isa = PBXFileReference; lastKnownFileType = sourcecode.swift; path = Teladeperfil.swift; sourceTree = "<group>"; };
		CEDA8FE62AEC7216005EA694 /* Imagem1.png */ = {isa = PBXFileReference; lastKnownFileType = image.png; path = Imagem1.png; sourceTree = SOURCE_ROOT; };
		CEDA8FE82AEC7252005EA694 /* GoogleService-Info.plist */ = {isa = PBXFileReference; fileEncoding = 4; lastKnownFileType = text.plist.xml; path = "GoogleService-Info.plist"; sourceTree = "<group>"; };
/* End PBXFileReference section */

/* Begin PBXFrameworksBuildPhase section */
		CEDA8FC22AE1E22B005EA694 /* Frameworks */ = {
			isa = PBXFrameworksBuildPhase;
			buildActionMask = 2147483647;
			files = (
			);
			runOnlyForDeploymentPostprocessing = 0;
		};
/* End PBXFrameworksBuildPhase section */

/* Begin PBXGroup section */
		CEDA8FBC2AE1E22B005EA694 = {
			isa = PBXGroup;
			children = (
				CEDA8FC72AE1E22B005EA694 /* APAC */,
				CEDA8FC62AE1E22B005EA694 /* Products */,
			);
			sourceTree = "<group>";
		};
		CEDA8FC62AE1E22B005EA694 /* Products */ = {
			isa = PBXGroup;
			children = (
				CEDA8FC52AE1E22B005EA694 /* APAC.app */,
			);
			name = Products;
			sourceTree = "<group>";
		};
		CEDA8FC72AE1E22B005EA694 /* APAC */ = {
			isa = PBXGroup;
			children = (
				CEDA8FCA2AE1E22B005EA694 /* ContentView.swift */,
				CEDA8FD82AE36BB3005EA694 /* cadastro.swift */,
				CEDA8FD62AE34B1A005EA694 /* princiaplSwiftUIView.swift */,
				CEDA8FDC2AE72E3B005EA694 /* home.swift */,
				CEDA8FDE2AE7417E005EA694 /* FriendsSearchView.swift */,
				CEDA8FE02AE74256005EA694 /* SearchPeopleView.swift */,
				CEDA8FDA2AE72CC3005EA694 /* EditProfileView.swift */,
				CEDA8FE22AEB2F4A005EA694 /* Teladeperfil.swift */,
				CEDA8FE62AEC7216005EA694 /* Imagem1.png */,
				CEDA8FE82AEC7252005EA694 /* GoogleService-Info.plist */,
				CEDA8FCC2AE1E22C005EA694 /* Assets.xcassets */,
				CEDA8FC82AE1E22B005EA694 /* ApacApp.swift */,
				CEDA8FCE2AE1E22C005EA694 /* Preview Content */,
			);
			path = APAC;
			sourceTree = "<group>";
		};
		CEDA8FCE2AE1E22C005EA694 /* Preview Content */ = {
			isa = PBXGroup;
			children = (
				CEDA8FCF2AE1E22C005EA694 /* Preview Assets.xcassets */,
			);
			path = "Preview Content";
			sourceTree = "<group>";
		};
/* End PBXGroup section */

/* Begin PBXNativeTarget section */
		CEDA8FC42AE1E22B005EA694 /* APAC */ = {
			isa = PBXNativeTarget;
			buildConfigurationList = CEDA8FD32AE1E22C005EA694 /* Build configuration list for PBXNativeTarget "APAC" */;
			buildPhases = (
				CEDA8FC12AE1E22B005EA694 /* Sources */,
				CEDA8FC22AE1E22B005EA694 /* Frameworks */,
				CEDA8FC32AE1E22B005EA694 /* Resources */,
			);
			buildRules = (
			);
			dependencies = (
			);
			name = APAC;
			productName = "APAC V1";
			productReference = CEDA8FC52AE1E22B005EA694 /* APAC.app */;
			productType = "com.apple.product-type.application";
		};
/* End PBXNativeTarget section */

/* Begin PBXProject section */
		CEDA8FBD2AE1E22B005EA694 /* Project object */ = {
			isa = PBXProject;
			attributes = {
				BuildIndependentTargetsInParallel = 1;
				LastSwiftUpdateCheck = 1430;
				LastUpgradeCheck = 1430;
				TargetAttributes = {
					CEDA8FC42AE1E22B005EA694 = {
						CreatedOnToolsVersion = 14.3;
					};
				};
			};
			buildConfigurationList = CEDA8FC02AE1E22B005EA694 /* Build configuration list for PBXProject "APAC" */;
			compatibilityVersion = "Xcode 14.0";
			developmentRegion = en;
			hasScannedForEncodings = 0;
			knownRegions = (
				en,
				Base,
			);
			mainGroup = CEDA8FBC2AE1E22B005EA694;
			packageReferences = (
				CEDA8FEA2AEC7434005EA694 /* XCRemoteSwiftPackageReference "firebase-ios-sdk" */,
			);
			productRefGroup = CEDA8FC62AE1E22B005EA694 /* Products */;
			projectDirPath = "";
			projectRoot = "";
			targets = (
				CEDA8FC42AE1E22B005EA694 /* APAC */,
			);
		};
/* End PBXProject section */

/* Begin PBXResourcesBuildPhase section */
		CEDA8FC32AE1E22B005EA694 /* Resources */ = {
			isa = PBXResourcesBuildPhase;
			buildActionMask = 2147483647;
			files = (
				CEDA8FD02AE1E22C005EA694 /* Preview Assets.xcassets in Resources */,
				CEDA8FE92AEC7252005EA694 /* GoogleService-Info.plist in Resources */,
				CEDA8FE72AEC7216005EA694 /* Imagem1.png in Resources */,
				CEDA8FCD2AE1E22C005EA694 /* Assets.xcassets in Resources */,
			);
			runOnlyForDeploymentPostprocessing = 0;
		};
/* End PBXResourcesBuildPhase section */

/* Begin PBXSourcesBuildPhase section */
		CEDA8FC12AE1E22B005EA694 /* Sources */ = {
			isa = PBXSourcesBuildPhase;
			buildActionMask = 2147483647;
			files = (
				CEDA8FDD2AE72E3B005EA694 /* home.swift in Sources */,
				CEDA8FDB2AE72CC3005EA694 /* EditProfileView.swift in Sources */,
				CEDA8FE32AEB2F4A005EA694 /* Teladeperfil.swift in Sources */,
				CEDA8FCB2AE1E22B005EA694 /* ContentView.swift in Sources */,
				CEDA8FD72AE34B1A005EA694 /* princiaplSwiftUIView.swift in Sources */,
				CEDA8FD92AE36BB3005EA694 /* cadastro.swift in Sources */,
				CEDA8FC92AE1E22B005EA694 /* ApacApp.swift in Sources */,
				CEDA8FDF2AE7417E005EA694 /* FriendsSearchView.swift in Sources */,
				CEDA8FE12AE74256005EA694 /* SearchPeopleView.swift in Sources */,
			);
			runOnlyForDeploymentPostprocessing = 0;
		};
/* End PBXSourcesBuildPhase section */

/* Begin XCBuildConfiguration section */
		CEDA8FD12AE1E22C005EA694 /* Debug */ = {
			isa = XCBuildConfiguration;
			buildSettings = {
				ALWAYS_SEARCH_USER_PATHS = NO;
				CLANG_ANALYZER_NONNULL = YES;
				CLANG_ANALYZER_NUMBER_OBJECT_CONVERSION = YES_AGGRESSIVE;
				CLANG_CXX_LANGUAGE_STANDARD = "gnu++20";
				CLANG_ENABLE_MODULES = YES;
				CLANG_ENABLE_OBJC_ARC = YES;
				CLANG_ENABLE_OBJC_WEAK = YES;
				CLANG_WARN_BLOCK_CAPTURE_AUTORELEASING = YES;
				CLANG_WARN_BOOL_CONVERSION = YES;
				CLANG_WARN_COMMA = YES;
				CLANG_WARN_CONSTANT_CONVERSION = YES;
				CLANG_WARN_DEPRECATED_OBJC_IMPLEMENTATIONS = YES;
				CLANG_WARN_DIRECT_OBJC_ISA_USAGE = YES_ERROR;
				CLANG_WARN_DOCUMENTATION_COMMENTS = YES;
				CLANG_WARN_EMPTY_BODY = YES;
				CLANG_WARN_ENUM_CONVERSION = YES;
				CLANG_WARN_INFINITE_RECURSION = YES;
				CLANG_WARN_INT_CONVERSION = YES;
				CLANG_WARN_NON_LITERAL_NULL_CONVERSION = YES;
				CLANG_WARN_OBJC_IMPLICIT_RETAIN_SELF = YES;
				CLANG_WARN_OBJC_LITERAL_CONVERSION = YES;
				CLANG_WARN_OBJC_ROOT_CLASS = YES_ERROR;
				CLANG_WARN_QUOTED_INCLUDE_IN_FRAMEWORK_HEADER = YES;
				CLANG_WARN_RANGE_LOOP_ANALYSIS = YES;
				CLANG_WARN_STRICT_PROTOTYPES = YES;
				CLANG_WARN_SUSPICIOUS_MOVE = YES;
				CLANG_WARN_UNGUARDED_AVAILABILITY = YES_AGGRESSIVE;
				CLANG_WARN_UNREACHABLE_CODE = YES;
				CLANG_WARN__DUPLICATE_METHOD_MATCH = YES;
				COPY_PHASE_STRIP = NO;
				DEBUG_INFORMATION_FORMAT = dwarf;
				ENABLE_STRICT_OBJC_MSGSEND = YES;
				ENABLE_TESTABILITY = YES;
				GCC_C_LANGUAGE_STANDARD = gnu11;
				GCC_DYNAMIC_NO_PIC = NO;
				GCC_NO_COMMON_BLOCKS = YES;
				GCC_OPTIMIZATION_LEVEL = 0;
				GCC_PREPROCESSOR_DEFINITIONS = (
					"DEBUG=1",
					"$(inherited)",
				);
				GCC_WARN_64_TO_32_BIT_CONVERSION = YES;
				GCC_WARN_ABOUT_RETURN_TYPE = YES_ERROR;
				GCC_WARN_UNDECLARED_SELECTOR = YES;
				GCC_WARN_UNINITIALIZED_AUTOS = YES_AGGRESSIVE;
				GCC_WARN_UNUSED_FUNCTION = YES;
				GCC_WARN_UNUSED_VARIABLE = YES;
				IPHONEOS_DEPLOYMENT_TARGET = 16.4;
				MTL_ENABLE_DEBUG_INFO = INCLUDE_SOURCE;
				MTL_FAST_MATH = YES;
				ONLY_ACTIVE_ARCH = YES;
				SDKROOT = iphoneos;
				SWIFT_ACTIVE_COMPILATION_CONDITIONS = DEBUG;
				SWIFT_OPTIMIZATION_LEVEL = "-Onone";
			};
			name = Debug;
		};
		CEDA8FD22AE1E22C005EA694 /* Release */ = {
			isa = XCBuildConfiguration;
			buildSettings = {
				ALWAYS_SEARCH_USER_PATHS = NO;
				CLANG_ANALYZER_NONNULL = YES;
				CLANG_ANALYZER_NUMBER_OBJECT_CONVERSION = YES_AGGRESSIVE;
				CLANG_CXX_LANGUAGE_STANDARD = "gnu++20";
				CLANG_ENABLE_MODULES = YES;
				CLANG_ENABLE_OBJC_ARC = YES;
				CLANG_ENABLE_OBJC_WEAK = YES;
				CLANG_WARN_BLOCK_CAPTURE_AUTORELEASING = YES;
				CLANG_WARN_BOOL_CONVERSION = YES;
				CLANG_WARN_COMMA = YES;
				CLANG_WARN_CONSTANT_CONVERSION = YES;
				CLANG_WARN_DEPRECATED_OBJC_IMPLEMENTATIONS = YES;
				CLANG_WARN_DIRECT_OBJC_ISA_USAGE = YES_ERROR;
				CLANG_WARN_DOCUMENTATION_COMMENTS = YES;
				CLANG_WARN_EMPTY_BODY = YES;
				CLANG_WARN_ENUM_CONVERSION = YES;
				CLANG_WARN_INFINITE_RECURSION = YES;
				CLANG_WARN_INT_CONVERSION = YES;
				CLANG_WARN_NON_LITERAL_NULL_CONVERSION = YES;
				CLANG_WARN_OBJC_IMPLICIT_RETAIN_SELF = YES;
				CLANG_WARN_OBJC_LITERAL_CONVERSION = YES;
				CLANG_WARN_OBJC_ROOT_CLASS = YES_ERROR;
				CLANG_WARN_QUOTED_INCLUDE_IN_FRAMEWORK_HEADER = YES;
				CLANG_WARN_RANGE_LOOP_ANALYSIS = YES;
				CLANG_WARN_STRICT_PROTOTYPES = YES;
				CLANG_WARN_SUSPICIOUS_MOVE = YES;
				CLANG_WARN_UNGUARDED_AVAILABILITY = YES_AGGRESSIVE;
				CLANG_WARN_UNREACHABLE_CODE = YES;
				CLANG_WARN__DUPLICATE_METHOD_MATCH = YES;
				COPY_PHASE_STRIP = NO;
				DEBUG_INFORMATION_FORMAT = "dwarf-with-dsym";
				ENABLE_NS_ASSERTIONS = NO;
				ENABLE_STRICT_OBJC_MSGSEND = YES;
				GCC_C_LANGUAGE_STANDARD = gnu11;
				GCC_NO_COMMON_BLOCKS = YES;
				GCC_WARN_64_TO_32_BIT_CONVERSION = YES;
				GCC_WARN_ABOUT_RETURN_TYPE = YES_ERROR;
				GCC_WARN_UNDECLARED_SELECTOR = YES;
				GCC_WARN_UNINITIALIZED_AUTOS = YES_AGGRESSIVE;
				GCC_WARN_UNUSED_FUNCTION = YES;
				GCC_WARN_UNUSED_VARIABLE = YES;
				IPHONEOS_DEPLOYMENT_TARGET = 16.4;
				MTL_ENABLE_DEBUG_INFO = NO;
				MTL_FAST_MATH = YES;
				SDKROOT = iphoneos;
				SWIFT_COMPILATION_MODE = wholemodule;
				SWIFT_OPTIMIZATION_LEVEL = "-O";
				VALIDATE_PRODUCT = YES;
			};
			name = Release;
		};
		CEDA8FD42AE1E22C005EA694 /* Debug */ = {
			isa = XCBuildConfiguration;
			buildSettings = {
				ASSETCATALOG_COMPILER_APPICON_NAME = AppIcon;
				ASSETCATALOG_COMPILER_GLOBAL_ACCENT_COLOR_NAME = AccentColor;
				CODE_SIGN_STYLE = Automatic;
				CURRENT_PROJECT_VERSION = 1;
				DEVELOPMENT_ASSET_PATHS = "\"APAC/Preview Content\"";
				ENABLE_PREVIEWS = YES;
				GENERATE_INFOPLIST_FILE = YES;
				INFOPLIST_KEY_CFBundleDisplayName = "	";
				INFOPLIST_KEY_UIApplicationSceneManifest_Generation = YES;
				INFOPLIST_KEY_UIApplicationSupportsIndirectInputEvents = YES;
				INFOPLIST_KEY_UILaunchScreen_Generation = YES;
				INFOPLIST_KEY_UISupportedInterfaceOrientations_iPad = "UIInterfaceOrientationPortrait UIInterfaceOrientationPortraitUpsideDown UIInterfaceOrientationLandscapeLeft UIInterfaceOrientationLandscapeRight";
				INFOPLIST_KEY_UISupportedInterfaceOrientations_iPhone = "UIInterfaceOrientationPortrait UIInterfaceOrientationLandscapeLeft UIInterfaceOrientationLandscapeRight";
				LD_RUNPATH_SEARCH_PATHS = (
					"$(inherited)",
					"@executable_path/Frameworks",
				);
				MARKETING_VERSION = 1.0;
				PRODUCT_BUNDLE_IDENTIFIER = "santoslucs199-gmail.com.APAC-V1";
				PRODUCT_NAME = "$(TARGET_NAME)";
				SWIFT_EMIT_LOC_STRINGS = YES;
				SWIFT_VERSION = 5.0;
				TARGETED_DEVICE_FAMILY = "1,2";
			};
			name = Debug;
		};
		CEDA8FD52AE1E22C005EA694 /* Release */ = {
			isa = XCBuildConfiguration;
			buildSettings = {
				ASSETCATALOG_COMPILER_APPICON_NAME = AppIcon;
				ASSETCATALOG_COMPILER_GLOBAL_ACCENT_COLOR_NAME = AccentColor;
				CODE_SIGN_STYLE = Automatic;
				CURRENT_PROJECT_VERSION = 1;
				DEVELOPMENT_ASSET_PATHS = "\"APAC/Preview Content\"";
				ENABLE_PREVIEWS = YES;
				GENERATE_INFOPLIST_FILE = YES;
				INFOPLIST_KEY_CFBundleDisplayName = "	";
				INFOPLIST_KEY_UIApplicationSceneManifest_Generation = YES;
				INFOPLIST_KEY_UIApplicationSupportsIndirectInputEvents = YES;
				INFOPLIST_KEY_UILaunchScreen_Generation = YES;
				INFOPLIST_KEY_UISupportedInterfaceOrientations_iPad = "UIInterfaceOrientationPortrait UIInterfaceOrientationPortraitUpsideDown UIInterfaceOrientationLandscapeLeft UIInterfaceOrientationLandscapeRight";
				INFOPLIST_KEY_UISupportedInterfaceOrientations_iPhone = "UIInterfaceOrientationPortrait UIInterfaceOrientationLandscapeLeft UIInterfaceOrientationLandscapeRight";
				LD_RUNPATH_SEARCH_PATHS = (
					"$(inherited)",
					"@executable_path/Frameworks",
				);
				MARKETING_VERSION = 1.0;
				PRODUCT_BUNDLE_IDENTIFIER = "santoslucs199-gmail.com.APAC-V1";
				PRODUCT_NAME = "$(TARGET_NAME)";
				SWIFT_EMIT_LOC_STRINGS = YES;
				SWIFT_VERSION = 5.0;
				TARGETED_DEVICE_FAMILY = "1,2";
			};
			name = Release;
		};
/* End XCBuildConfiguration section */

/* Begin XCConfigurationList section */
		CEDA8FC02AE1E22B005EA694 /* Build configuration list for PBXProject "APAC" */ = {
			isa = XCConfigurationList;
			buildConfigurations = (
				CEDA8FD12AE1E22C005EA694 /* Debug */,
				CEDA8FD22AE1E22C005EA694 /* Release */,
			);
			defaultConfigurationIsVisible = 0;
			defaultConfigurationName = Release;
		};
		CEDA8FD32AE1E22C005EA694 /* Build configuration list for PBXNativeTarget "APAC" */ = {
			isa = XCConfigurationList;
			buildConfigurations = (
				CEDA8FD42AE1E22C005EA694 /* Debug */,
				CEDA8FD52AE1E22C005EA694 /* Release */,
			);
			defaultConfigurationIsVisible = 0;
			defaultConfigurationName = Release;
		};
/* End XCConfigurationList section */

/* Begin XCRemoteSwiftPackageReference section */
		CEDA8FEA2AEC7434005EA694 /* XCRemoteSwiftPackageReference "firebase-ios-sdk" */ = {
			isa = XCRemoteSwiftPackageReference;
			repositoryURL = "https://github.com/firebase/firebase-ios-sdk";
			requirement = {
				kind = upToNextMajorVersion;
				minimumVersion = 10.0.0;
			};
		};
/* End XCRemoteSwiftPackageReference section */
	};
	rootObject = CEDA8FBD2AE1E22B005EA694 /* Project object */;
}
